// !$*UTF8*$!
{
	archiveVersion = 1;
	classes = {
	};
	objectVersion = 46;
	objects = {

/* Begin PBXBuildFile section */
		5DD45EAE1BDD5B5E006578D9 /* AppDelegate.swift in Sources */ = {isa = PBXBuildFile; fileRef = 5DD45EAD1BDD5B5E006578D9 /* AppDelegate.swift */; };
		5DD45EB31BDD5B5E006578D9 /* Main.storyboard in Resources */ = {isa = PBXBuildFile; fileRef = 5DD45EB11BDD5B5E006578D9 /* Main.storyboard */; };
		5DD45EB51BDD5B5E006578D9 /* Assets.xcassets in Resources */ = {isa = PBXBuildFile; fileRef = 5DD45EB41BDD5B5E006578D9 /* Assets.xcassets */; };
		5DD45EB81BDD5B5E006578D9 /* LaunchScreen.storyboard in Resources */ = {isa = PBXBuildFile; fileRef = 5DD45EB61BDD5B5E006578D9 /* LaunchScreen.storyboard */; };
		5DD45EC01BDD5BA3006578D9 /* HighVoltageTableViewController.swift in Sources */ = {isa = PBXBuildFile; fileRef = 5DD45EBF1BDD5BA3006578D9 /* HighVoltageTableViewController.swift */; settings = {ASSET_TAGS = (); }; };
		5DD45EC61BDD6105006578D9 /* VoltageTableViewCell.swift in Sources */ = {isa = PBXBuildFile; fileRef = 5DD45EC51BDD6105006578D9 /* VoltageTableViewCell.swift */; settings = {ASSET_TAGS = (); }; };
		5DD45EC81BDD632D006578D9 /* OperatorBrain.swift in Sources */ = {isa = PBXBuildFile; fileRef = 5DD45EC71BDD632D006578D9 /* OperatorBrain.swift */; settings = {ASSET_TAGS = (); }; };
/* End PBXBuildFile section */

/* Begin PBXFileReference section */
		5DD45EAA1BDD5B5E006578D9 /* High Voltage Home Assignment.app */ = {isa = PBXFileReference; explicitFileType = wrapper.application; includeInIndex = 0; path = "High Voltage Home Assignment.app"; sourceTree = BUILT_PRODUCTS_DIR; };
		5DD45EAD1BDD5B5E006578D9 /* AppDelegate.swift */ = {isa = PBXFileReference; lastKnownFileType = sourcecode.swift; path = AppDelegate.swift; sourceTree = "<group>"; };
		5DD45EB21BDD5B5E006578D9 /* Base */ = {isa = PBXFileReference; lastKnownFileType = file.storyboard; name = Base; path = Base.lproj/Main.storyboard; sourceTree = "<group>"; };
		5DD45EB41BDD5B5E006578D9 /* Assets.xcassets */ = {isa = PBXFileReference; lastKnownFileType = folder.assetcatalog; path = Assets.xcassets; sourceTree = "<group>"; };
		5DD45EB71BDD5B5E006578D9 /* Base */ = {isa = PBXFileReference; lastKnownFileType = file.storyboard; name = Base; path = Base.lproj/LaunchScreen.storyboard; sourceTree = "<group>"; };
		5DD45EB91BDD5B5E006578D9 /* Info.plist */ = {isa = PBXFileReference; lastKnownFileType = text.plist.xml; path = Info.plist; sourceTree = "<group>"; };
		5DD45EBF1BDD5BA3006578D9 /* HighVoltageTableViewController.swift */ = {isa = PBXFileReference; fileEncoding = 4; lastKnownFileType = sourcecode.swift; path = HighVoltageTableViewController.swift; sourceTree = "<group>"; };
		5DD45EC51BDD6105006578D9 /* VoltageTableViewCell.swift */ = {isa = PBXFileReference; fileEncoding = 4; lastKnownFileType = sourcecode.swift; path = VoltageTableViewCell.swift; sourceTree = "<group>"; };
		5DD45EC71BDD632D006578D9 /* OperatorBrain.swift */ = {isa = PBXFileReference; fileEncoding = 4; lastKnownFileType = sourcecode.swift; path = OperatorBrain.swift; sourceTree = "<group>"; };
/* End PBXFileReference section */

/* Begin PBXFrameworksBuildPhase section */
		5DD45EA71BDD5B5E006578D9 /* Frameworks */ = {
			isa = PBXFrameworksBuildPhase;
			buildActionMask = 2147483647;
			files = (
			);
			runOnlyForDeploymentPostprocessing = 0;
		};
/* End PBXFrameworksBuildPhase section */

/* Begin PBXGroup section */
		5DD45EA11BDD5B5E006578D9 = {
			isa = PBXGroup;
			children = (
				5DD45EAC1BDD5B5E006578D9 /* High Voltage Home Assignment */,
				5DD45EAB1BDD5B5E006578D9 /* Products */,
			);
			sourceTree = "<group>";
		};
		5DD45EAB1BDD5B5E006578D9 /* Products */ = {
			isa = PBXGroup;
			children = (
				5DD45EAA1BDD5B5E006578D9 /* High Voltage Home Assignment.app */,
			);
			name = Products;
			sourceTree = "<group>";
		};
		5DD45EAC1BDD5B5E006578D9 /* High Voltage Home Assignment */ = {
			isa = PBXGroup;
			children = (
				5DD45EAD1BDD5B5E006578D9 /* AppDelegate.swift */,
				5DD45EBF1BDD5BA3006578D9 /* HighVoltageTableViewController.swift */,
				5DD45EC51BDD6105006578D9 /* VoltageTableViewCell.swift */,
				5DD45EC71BDD632D006578D9 /* OperatorBrain.swift */,
				5DD45EB11BDD5B5E006578D9 /* Main.storyboard */,
				5DD45EB41BDD5B5E006578D9 /* Assets.xcassets */,
				5DD45EB61BDD5B5E006578D9 /* LaunchScreen.storyboard */,
				5DD45EB91BDD5B5E006578D9 /* Info.plist */,
			);
			path = "High Voltage Home Assignment";
			sourceTree = "<group>";
		};
/* End PBXGroup section */

/* Begin PBXNativeTarget section */
		5DD45EA91BDD5B5E006578D9 /* High Voltage Home Assignment */ = {
			isa = PBXNativeTarget;
			buildConfigurationList = 5DD45EBC1BDD5B5E006578D9 /* Build configuration list for PBXNativeTarget "High Voltage Home Assignment" */;
			buildPhases = (
				5DD45EA61BDD5B5E006578D9 /* Sources */,
				5DD45EA71BDD5B5E006578D9 /* Frameworks */,
				5DD45EA81BDD5B5E006578D9 /* Resources */,
			);
			buildRules = (
			);
			dependencies = (
			);
			name = "High Voltage Home Assignment";
			productName = "High Voltage Home Assignment";
			productReference = 5DD45EAA1BDD5B5E006578D9 /* High Voltage Home Assignment.app */;
			productType = "com.apple.product-type.application";
		};
/* End PBXNativeTarget section */

/* Begin PBXProject section */
		5DD45EA21BDD5B5E006578D9 /* Project object */ = {
			isa = PBXProject;
			attributes = {
				LastUpgradeCheck = 0700;
				ORGANIZATIONNAME = "The Iron Yard";
				TargetAttributes = {
					5DD45EA91BDD5B5E006578D9 = {
						CreatedOnToolsVersion = 7.0.1;
					};
				};
			};
			buildConfigurationList = 5DD45EA51BDD5B5E006578D9 /* Build configuration list for PBXProject "High Voltage Home Assignment" */;
			compatibilityVersion = "Xcode 3.2";
			developmentRegion = English;
			hasScannedForEncodings = 0;
			knownRegions = (
				en,
				Base,
			);
			mainGroup = 5DD45EA11BDD5B5E006578D9;
			productRefGroup = 5DD45EAB1BDD5B5E006578D9 /* Products */;
			projectDirPath = "";
			projectRoot = "";
			targets = (
				5DD45EA91BDD5B5E006578D9 /* High Voltage Home Assignment */,
			);
		};
/* End PBXProject section */

/* Begin PBXResourcesBuildPhase section */
		5DD45EA81BDD5B5E006578D9 /* Resources */ = {
			isa = PBXResourcesBuildPhase;
			buildActionMask = 2147483647;
			files = (
				5DD45EB81BDD5B5E006578D9 /* LaunchScreen.storyboard in Resources */,
				5DD45EB51BDD5B5E006578D9 /* Assets.xcassets in Resources */,
				5DD45EB31BDD5B5E006578D9 /* Main.storyboard in Resources */,
			);
			runOnlyForDeploymentPostprocessing = 0;
		};
/* End PBXResourcesBuildPhase section */

/* Begin PBXSourcesBuildPhase section */
		5DD45EA61BDD5B5E006578D9 /* Sources */ = {
			isa = PBXSourcesBuildPhase;
			buildActionMask = 2147483647;
			files = (
				5DD45EC01BDD5BA3006578D9 /* HighVoltageTableViewController.swift in Sources */,
				5DD45EC61BDD6105006578D9 /* VoltageTableViewCell.swift in Sources */,
				5DD45EC81BDD632D006578D9 /* OperatorBrain.swift in Sources */,
				5DD45EAE1BDD5B5E006578D9 /* AppDelegate.swift in Sources */,
			);
			runOnlyForDeploymentPostprocessing = 0;
		};
/* End PBXSourcesBuildPhase section */

/* Begin PBXVariantGroup section */
		5DD45EB11BDD5B5E006578D9 /* Main.storyboard */ = {
			isa = PBXVariantGroup;
			children = (
				5DD45EB21BDD5B5E006578D9 /* Base */,
			);
			name = Main.storyboard;
			sourceTree = "<group>";
		};
		5DD45EB61BDD5B5E006578D9 /* LaunchScreen.storyboard */ = {
			isa = PBXVariantGroup;
			children = (
				5DD45EB71BDD5B5E006578D9 /* Base */,
			);
			name = LaunchScreen.storyboard;
			sourceTree = "<group>";
		};
/* End PBXVariantGroup section */

/* Begin XCBuildConfiguration section */
		5DD45EBA1BDD5B5E006578D9 /* Debug */ = {
			isa = XCBuildConfiguration;
			buildSettings = {
				ALWAYS_SEARCH_USER_PATHS = NO;
				CLANG_CXX_LANGUAGE_STANDARD = "gnu++0x";
				CLANG_CXX_LIBRARY = "libc++";
				CLANG_ENABLE_MODULES = YES;
				CLANG_ENABLE_OBJC_ARC = YES;
				CLANG_WARN_BOOL_CONVERSION = YES;
				CLANG_WARN_CONSTANT_CONVERSION = YES;
				CLANG_WARN_DIRECT_OBJC_ISA_USAGE = YES_ERROR;
				CLANG_WARN_EMPTY_BODY = YES;
				CLANG_WARN_ENUM_CONVERSION = YES;
				CLANG_WARN_INT_CONVERSION = YES;
				CLANG_WARN_OBJC_ROOT_CLASS = YES_ERROR;
				CLANG_WARN_UNREACHABLE_CODE = YES;
				CLANG_WARN__DUPLICATE_METHOD_MATCH = YES;
				"CODE_SIGN_IDENTITY[sdk=iphoneos*]" = "iPhone Developer";
				COPY_PHASE_STRIP = NO;
				DEBUG_INFORMATION_FORMAT = dwarf;
				ENABLE_STRICT_OBJC_MSGSEND = YES;
				ENABLE_TESTABILITY = YES;
				GCC_C_LANGUAGE_STANDARD = gnu99;
				GCC_DYNAMIC_NO_PIC = NO;
				GCC_NO_COMMON_BLOCKS = YES;
				GCC_OPTIMIZATION_LEVEL = 0;
				GCC_PREPROCESSOR_DEFINITIONS = (
					"DEBUG=1",
					"$(inherited)",
				);
				GCC_WARN_64_TO_32_BIT_CONVERSION = YES;
				GCC_WARN_ABOUT_RETURN_TYPE = YES_ERROR;
				GCC_WARN_UNDECLARED_SELECTOR = YES;
				GCC_WARN_UNINITIALIZED_AUTOS = YES_AGGRESSIVE;
				GCC_WARN_UNUSED_FUNCTION = YES;
				GCC_WARN_UNUSED_VARIABLE = YES;
				IPHONEOS_DEPLOYMENT_TARGET = 9.0;
				MTL_ENABLE_DEBUG_INFO = YES;
				ONLY_ACTIVE_ARCH = YES;
				SDKROOT = iphoneos;
				SWIFT_OPTIMIZATION_LEVEL = "-Onone";
				TARGETED_DEVICE_FAMILY = "1,2";
			};
			name = Debug;
		};
		5DD45EBB1BDD5B5E006578D9 /* Release */ = {
			isa = XCBuildConfiguration;
			buildSettings = {
				ALWAYS_SEARCH_USER_PATHS = NO;
				CLANG_CXX_LANGUAGE_STANDARD = "gnu++0x";
				CLANG_CXX_LIBRARY = "libc++";
				CLANG_ENABLE_MODULES = YES;
				CLANG_ENABLE_OBJC_ARC = YES;
				CLANG_WARN_BOOL_CONVERSION = YES;
				CLANG_WARN_CONSTANT_CONVERSION = YES;
				CLANG_WARN_DIRECT_OBJC_ISA_USAGE = YES_ERROR;
				CLANG_WARN_EMPTY_BODY = YES;
				CLANG_WARN_ENUM_CONVERSION = YES;
				CLANG_WARN_INT_CONVERSION = YES;
				CLANG_WARN_OBJC_ROOT_CLASS = YES_ERROR;
				CLANG_WARN_UNREACHABLE_CODE = YES;
				CLANG_WARN__DUPLICATE_METHOD_MATCH = YES;
				"CODE_SIGN_IDENTITY[sdk=iphoneos*]" = "iPhone Developer";
				COPY_PHASE_STRIP = NO;
				DEBUG_INFORMATION_FORMAT = "dwarf-with-dsym";
				ENABLE_NS_ASSERTIONS = NO;
				ENABLE_STRICT_OBJC_MSGSEND = YES;
				GCC_C_LANGUAGE_STANDARD = gnu99;
				GCC_NO_COMMON_BLOCKS = YES;
				GCC_WARN_64_TO_32_BIT_CONVERSION = YES;
				GCC_WARN_ABOUT_RETURN_TYPE = YES_ERROR;
				GCC_WARN_UNDECLARED_SELECTOR = YES;
				GCC_WARN_UNINITIALIZED_AUTOS = YES_AGGRESSIVE;
				GCC_WARN_UNUSED_FUNCTION = YES;
				GCC_WARN_UNUSED_VARIABLE = YES;
				IPHONEOS_DEPLOYMENT_TARGET = 9.0;
				MTL_ENABLE_DEBUG_INFO = NO;
				SDKROOT = iphoneos;
				TARGETED_DEVICE_FAMILY = "1,2";
				VALIDATE_PRODUCT = YES;
			};
			name = Release;
		};
		5DD45EBD1BDD5B5E006578D9 /* Debug */ = {
			isa = XCBuildConfiguration;
			buildSettings = {
				ASSETCATALOG_COMPILER_APPICON_NAME = AppIcon;
				INFOPLIST_FILE = "High Voltage Home Assignment/Info.plist";
				LD_RUNPATH_SEARCH_PATHS = "$(inherited) @executable_path/Frameworks";
				PRODUCT_BUNDLE_IDENTIFIER = "com.tiy.High-Voltage-Home-Assignment";
				PRODUCT_NAME = "$(TARGET_NAME)";
			};
			name = Debug;
		};
		5DD45EBE1BDD5B5E006578D9 /* Release */ = {
			isa = XCBuildConfiguration;
			buildSettings = {
				ASSETCATALOG_COMPILER_APPICON_NAME = AppIcon;
				INFOPLIST_FILE = "High Voltage Home Assignment/Info.plist";
				LD_RUNPATH_SEARCH_PATHS = "$(inherited) @executable_path/Frameworks";
				PRODUCT_BUNDLE_IDENTIFIER = "com.tiy.High-Voltage-Home-Assignment";
				PRODUCT_NAME = "$(TARGET_NAME)";
			};
			name = Release;
		};
/* End XCBuildConfiguration section */

/* Begin XCConfigurationList section */
		5DD45EA51BDD5B5E006578D9 /* Build configuration list for PBXProject "High Voltage Home Assignment" */ = {
			isa = XCConfigurationList;
			buildConfigurations = (
				5DD45EBA1BDD5B5E006578D9 /* Debug */,
				5DD45EBB1BDD5B5E006578D9 /* Release */,
			);
			defaultConfigurationIsVisible = 0;
			defaultConfigurationName = Release;
		};
		5DD45EBC1BDD5B5E006578D9 /* Build configuration list for PBXNativeTarget "High Voltage Home Assignment" */ = {
			isa = XCConfigurationList;
			buildConfigurations = (
				5DD45EBD1BDD5B5E006578D9 /* Debug */,
				5DD45EBE1BDD5B5E006578D9 /* Release */,
			);
			defaultConfigurationIsVisible = 0;
		};
/* End XCConfigurationList section */
	};
	rootObject = 5DD45EA21BDD5B5E006578D9 /* Project object */;
}
