// !$*UTF8*$!
{
	archiveVersion = 1;
	classes = {
	};
	objectVersion = 46;
	objects = {

/* Begin PBXBuildFile section */
		5DE2F3A21BD567A200EB41D0 /* AppDelegate.swift in Sources */ = {isa = PBXBuildFile; fileRef = 5DE2F3A11BD567A200EB41D0 /* AppDelegate.swift */; };
		5DE2F3A71BD567A200EB41D0 /* Main.storyboard in Resources */ = {isa = PBXBuildFile; fileRef = 5DE2F3A51BD567A200EB41D0 /* Main.storyboard */; };
		5DE2F3A91BD567A200EB41D0 /* Assets.xcassets in Resources */ = {isa = PBXBuildFile; fileRef = 5DE2F3A81BD567A200EB41D0 /* Assets.xcassets */; };
		5DE2F3AC1BD567A200EB41D0 /* LaunchScreen.storyboard in Resources */ = {isa = PBXBuildFile; fileRef = 5DE2F3AA1BD567A200EB41D0 /* LaunchScreen.storyboard */; };
		5DE2F3B71BD567A300EB41D0 /* The_Grial_DiaryTests.swift in Sources */ = {isa = PBXBuildFile; fileRef = 5DE2F3B61BD567A300EB41D0 /* The_Grial_DiaryTests.swift */; };
		5DE2F3C21BD567A300EB41D0 /* The_Grial_DiaryUITests.swift in Sources */ = {isa = PBXBuildFile; fileRef = 5DE2F3C11BD567A300EB41D0 /* The_Grial_DiaryUITests.swift */; };
		5DE2F3D01BD56AE900EB41D0 /* GrailDiaryTableViewController.swift in Sources */ = {isa = PBXBuildFile; fileRef = 5DE2F3CF1BD56AE900EB41D0 /* GrailDiaryTableViewController.swift */; settings = {ASSET_TAGS = (); }; };
		5DE2F3D21BD56BEC00EB41D0 /* PageShiftCell.swift in Sources */ = {isa = PBXBuildFile; fileRef = 5DE2F3D11BD56BEC00EB41D0 /* PageShiftCell.swift */; settings = {ASSET_TAGS = (); }; };
		5DE2F3D41BD5715A00EB41D0 /* Model.swift in Sources */ = {isa = PBXBuildFile; fileRef = 5DE2F3D31BD5715A00EB41D0 /* Model.swift */; settings = {ASSET_TAGS = (); }; };
		5DE2F3D81BD57F7700EB41D0 /* sites.json in Resources */ = {isa = PBXBuildFile; fileRef = 5DE2F3D71BD57F7700EB41D0 /* sites.json */; settings = {ASSET_TAGS = (); }; };
/* End PBXBuildFile section */

/* Begin PBXContainerItemProxy section */
		5DE2F3B31BD567A300EB41D0 /* PBXContainerItemProxy */ = {
			isa = PBXContainerItemProxy;
			containerPortal = 5DE2F3961BD567A200EB41D0 /* Project object */;
			proxyType = 1;
			remoteGlobalIDString = 5DE2F39D1BD567A200EB41D0;
			remoteInfo = "The Grial Diary";
		};
		5DE2F3BE1BD567A300EB41D0 /* PBXContainerItemProxy */ = {
			isa = PBXContainerItemProxy;
			containerPortal = 5DE2F3961BD567A200EB41D0 /* Project object */;
			proxyType = 1;
			remoteGlobalIDString = 5DE2F39D1BD567A200EB41D0;
			remoteInfo = "The Grial Diary";
		};
/* End PBXContainerItemProxy section */

/* Begin PBXFileReference section */
		5DE2F39E1BD567A200EB41D0 /* The Grial Diary.app */ = {isa = PBXFileReference; explicitFileType = wrapper.application; includeInIndex = 0; path = "The Grial Diary.app"; sourceTree = BUILT_PRODUCTS_DIR; };
		5DE2F3A11BD567A200EB41D0 /* AppDelegate.swift */ = {isa = PBXFileReference; lastKnownFileType = sourcecode.swift; path = AppDelegate.swift; sourceTree = "<group>"; };
		5DE2F3A61BD567A200EB41D0 /* Base */ = {isa = PBXFileReference; lastKnownFileType = file.storyboard; name = Base; path = Base.lproj/Main.storyboard; sourceTree = "<group>"; };
		5DE2F3A81BD567A200EB41D0 /* Assets.xcassets */ = {isa = PBXFileReference; lastKnownFileType = folder.assetcatalog; path = Assets.xcassets; sourceTree = "<group>"; };
		5DE2F3AB1BD567A200EB41D0 /* Base */ = {isa = PBXFileReference; lastKnownFileType = file.storyboard; name = Base; path = Base.lproj/LaunchScreen.storyboard; sourceTree = "<group>"; };
		5DE2F3AD1BD567A200EB41D0 /* Info.plist */ = {isa = PBXFileReference; lastKnownFileType = text.plist.xml; path = Info.plist; sourceTree = "<group>"; };
		5DE2F3B21BD567A300EB41D0 /* The Grial DiaryTests.xctest */ = {isa = PBXFileReference; explicitFileType = wrapper.cfbundle; includeInIndex = 0; path = "The Grial DiaryTests.xctest"; sourceTree = BUILT_PRODUCTS_DIR; };
		5DE2F3B61BD567A300EB41D0 /* The_Grial_DiaryTests.swift */ = {isa = PBXFileReference; lastKnownFileType = sourcecode.swift; path = The_Grial_DiaryTests.swift; sourceTree = "<group>"; };
		5DE2F3B81BD567A300EB41D0 /* Info.plist */ = {isa = PBXFileReference; lastKnownFileType = text.plist.xml; path = Info.plist; sourceTree = "<group>"; };
		5DE2F3BD1BD567A300EB41D0 /* The Grial DiaryUITests.xctest */ = {isa = PBXFileReference; explicitFileType = wrapper.cfbundle; includeInIndex = 0; path = "The Grial DiaryUITests.xctest"; sourceTree = BUILT_PRODUCTS_DIR; };
		5DE2F3C11BD567A300EB41D0 /* The_Grial_DiaryUITests.swift */ = {isa = PBXFileReference; lastKnownFileType = sourcecode.swift; path = The_Grial_DiaryUITests.swift; sourceTree = "<group>"; };
		5DE2F3C31BD567A300EB41D0 /* Info.plist */ = {isa = PBXFileReference; lastKnownFileType = text.plist.xml; path = Info.plist; sourceTree = "<group>"; };
		5DE2F3CF1BD56AE900EB41D0 /* GrailDiaryTableViewController.swift */ = {isa = PBXFileReference; fileEncoding = 4; lastKnownFileType = sourcecode.swift; path = GrailDiaryTableViewController.swift; sourceTree = "<group>"; };
		5DE2F3D11BD56BEC00EB41D0 /* PageShiftCell.swift */ = {isa = PBXFileReference; fileEncoding = 4; lastKnownFileType = sourcecode.swift; path = PageShiftCell.swift; sourceTree = "<group>"; };
		5DE2F3D31BD5715A00EB41D0 /* Model.swift */ = {isa = PBXFileReference; fileEncoding = 4; lastKnownFileType = sourcecode.swift; path = Model.swift; sourceTree = "<group>"; };
		5DE2F3D71BD57F7700EB41D0 /* sites.json */ = {isa = PBXFileReference; fileEncoding = 4; lastKnownFileType = text.json; path = sites.json; sourceTree = "<group>"; };
/* End PBXFileReference section */

/* Begin PBXFrameworksBuildPhase section */
		5DE2F39B1BD567A200EB41D0 /* Frameworks */ = {
			isa = PBXFrameworksBuildPhase;
			buildActionMask = 2147483647;
			files = (
			);
			runOnlyForDeploymentPostprocessing = 0;
		};
		5DE2F3AF1BD567A300EB41D0 /* Frameworks */ = {
			isa = PBXFrameworksBuildPhase;
			buildActionMask = 2147483647;
			files = (
			);
			runOnlyForDeploymentPostprocessing = 0;
		};
		5DE2F3BA1BD567A300EB41D0 /* Frameworks */ = {
			isa = PBXFrameworksBuildPhase;
			buildActionMask = 2147483647;
			files = (
			);
			runOnlyForDeploymentPostprocessing = 0;
		};
/* End PBXFrameworksBuildPhase section */

/* Begin PBXGroup section */
		5DE2F3951BD567A200EB41D0 = {
			isa = PBXGroup;
			children = (
				5DE2F3A01BD567A200EB41D0 /* The Grial Diary */,
				5DE2F3B51BD567A300EB41D0 /* The Grial DiaryTests */,
				5DE2F3C01BD567A300EB41D0 /* The Grial DiaryUITests */,
				5DE2F39F1BD567A200EB41D0 /* Products */,
			);
			sourceTree = "<group>";
		};
		5DE2F39F1BD567A200EB41D0 /* Products */ = {
			isa = PBXGroup;
			children = (
				5DE2F39E1BD567A200EB41D0 /* The Grial Diary.app */,
				5DE2F3B21BD567A300EB41D0 /* The Grial DiaryTests.xctest */,
				5DE2F3BD1BD567A300EB41D0 /* The Grial DiaryUITests.xctest */,
			);
			name = Products;
			sourceTree = "<group>";
		};
		5DE2F3A01BD567A200EB41D0 /* The Grial Diary */ = {
			isa = PBXGroup;
			children = (
				5DE2F3CF1BD56AE900EB41D0 /* GrailDiaryTableViewController.swift */,
				5DE2F3A11BD567A200EB41D0 /* AppDelegate.swift */,
				5DE2F3D11BD56BEC00EB41D0 /* PageShiftCell.swift */,
				5DE2F3D31BD5715A00EB41D0 /* Model.swift */,
				5DE2F3D71BD57F7700EB41D0 /* sites.json */,
				5DE2F3A51BD567A200EB41D0 /* Main.storyboard */,
				5DE2F3A81BD567A200EB41D0 /* Assets.xcassets */,
				5DE2F3AA1BD567A200EB41D0 /* LaunchScreen.storyboard */,
				5DE2F3AD1BD567A200EB41D0 /* Info.plist */,
			);
			path = "The Grial Diary";
			sourceTree = "<group>";
		};
		5DE2F3B51BD567A300EB41D0 /* The Grial DiaryTests */ = {
			isa = PBXGroup;
			children = (
				5DE2F3B61BD567A300EB41D0 /* The_Grial_DiaryTests.swift */,
				5DE2F3B81BD567A300EB41D0 /* Info.plist */,
			);
			path = "The Grial DiaryTests";
			sourceTree = "<group>";
		};
		5DE2F3C01BD567A300EB41D0 /* The Grial DiaryUITests */ = {
			isa = PBXGroup;
			children = (
				5DE2F3C11BD567A300EB41D0 /* The_Grial_DiaryUITests.swift */,
				5DE2F3C31BD567A300EB41D0 /* Info.plist */,
			);
			path = "The Grial DiaryUITests";
			sourceTree = "<group>";
		};
/* End PBXGroup section */

/* Begin PBXNativeTarget section */
		5DE2F39D1BD567A200EB41D0 /* The Grial Diary */ = {
			isa = PBXNativeTarget;
			buildConfigurationList = 5DE2F3C61BD567A300EB41D0 /* Build configuration list for PBXNativeTarget "The Grial Diary" */;
			buildPhases = (
				5DE2F39A1BD567A200EB41D0 /* Sources */,
				5DE2F39B1BD567A200EB41D0 /* Frameworks */,
				5DE2F39C1BD567A200EB41D0 /* Resources */,
			);
			buildRules = (
			);
			dependencies = (
			);
			name = "The Grial Diary";
			productName = "The Grial Diary";
			productReference = 5DE2F39E1BD567A200EB41D0 /* The Grial Diary.app */;
			productType = "com.apple.product-type.application";
		};
		5DE2F3B11BD567A300EB41D0 /* The Grial DiaryTests */ = {
			isa = PBXNativeTarget;
			buildConfigurationList = 5DE2F3C91BD567A300EB41D0 /* Build configuration list for PBXNativeTarget "The Grial DiaryTests" */;
			buildPhases = (
				5DE2F3AE1BD567A300EB41D0 /* Sources */,
				5DE2F3AF1BD567A300EB41D0 /* Frameworks */,
				5DE2F3B01BD567A300EB41D0 /* Resources */,
			);
			buildRules = (
			);
			dependencies = (
				5DE2F3B41BD567A300EB41D0 /* PBXTargetDependency */,
			);
			name = "The Grial DiaryTests";
			productName = "The Grial DiaryTests";
			productReference = 5DE2F3B21BD567A300EB41D0 /* The Grial DiaryTests.xctest */;
			productType = "com.apple.product-type.bundle.unit-test";
		};
		5DE2F3BC1BD567A300EB41D0 /* The Grial DiaryUITests */ = {
			isa = PBXNativeTarget;
			buildConfigurationList = 5DE2F3CC1BD567A300EB41D0 /* Build configuration list for PBXNativeTarget "The Grial DiaryUITests" */;
			buildPhases = (
				5DE2F3B91BD567A300EB41D0 /* Sources */,
				5DE2F3BA1BD567A300EB41D0 /* Frameworks */,
				5DE2F3BB1BD567A300EB41D0 /* Resources */,
			);
			buildRules = (
			);
			dependencies = (
				5DE2F3BF1BD567A300EB41D0 /* PBXTargetDependency */,
			);
			name = "The Grial DiaryUITests";
			productName = "The Grial DiaryUITests";
			productReference = 5DE2F3BD1BD567A300EB41D0 /* The Grial DiaryUITests.xctest */;
			productType = "com.apple.product-type.bundle.ui-testing";
		};
/* End PBXNativeTarget section */

/* Begin PBXProject section */
		5DE2F3961BD567A200EB41D0 /* Project object */ = {
			isa = PBXProject;
			attributes = {
				LastUpgradeCheck = 0700;
				ORGANIZATIONNAME = "The Iron Yard";
				TargetAttributes = {
					5DE2F39D1BD567A200EB41D0 = {
						CreatedOnToolsVersion = 7.0.1;
					};
					5DE2F3B11BD567A300EB41D0 = {
						CreatedOnToolsVersion = 7.0.1;
						TestTargetID = 5DE2F39D1BD567A200EB41D0;
					};
					5DE2F3BC1BD567A300EB41D0 = {
						CreatedOnToolsVersion = 7.0.1;
						TestTargetID = 5DE2F39D1BD567A200EB41D0;
					};
				};
			};
			buildConfigurationList = 5DE2F3991BD567A200EB41D0 /* Build configuration list for PBXProject "The Grial Diary" */;
			compatibilityVersion = "Xcode 3.2";
			developmentRegion = English;
			hasScannedForEncodings = 0;
			knownRegions = (
				en,
				Base,
			);
			mainGroup = 5DE2F3951BD567A200EB41D0;
			productRefGroup = 5DE2F39F1BD567A200EB41D0 /* Products */;
			projectDirPath = "";
			projectRoot = "";
			targets = (
				5DE2F39D1BD567A200EB41D0 /* The Grial Diary */,
				5DE2F3B11BD567A300EB41D0 /* The Grial DiaryTests */,
				5DE2F3BC1BD567A300EB41D0 /* The Grial DiaryUITests */,
			);
		};
/* End PBXProject section */

/* Begin PBXResourcesBuildPhase section */
		5DE2F39C1BD567A200EB41D0 /* Resources */ = {
			isa = PBXResourcesBuildPhase;
			buildActionMask = 2147483647;
			files = (
				5DE2F3AC1BD567A200EB41D0 /* LaunchScreen.storyboard in Resources */,
				5DE2F3D81BD57F7700EB41D0 /* sites.json in Resources */,
				5DE2F3A91BD567A200EB41D0 /* Assets.xcassets in Resources */,
				5DE2F3A71BD567A200EB41D0 /* Main.storyboard in Resources */,
			);
			runOnlyForDeploymentPostprocessing = 0;
		};
		5DE2F3B01BD567A300EB41D0 /* Resources */ = {
			isa = PBXResourcesBuildPhase;
			buildActionMask = 2147483647;
			files = (
			);
			runOnlyForDeploymentPostprocessing = 0;
		};
		5DE2F3BB1BD567A300EB41D0 /* Resources */ = {
			isa = PBXResourcesBuildPhase;
			buildActionMask = 2147483647;
			files = (
			);
			runOnlyForDeploymentPostprocessing = 0;
		};
/* End PBXResourcesBuildPhase section */

/* Begin PBXSourcesBuildPhase section */
		5DE2F39A1BD567A200EB41D0 /* Sources */ = {
			isa = PBXSourcesBuildPhase;
			buildActionMask = 2147483647;
			files = (
				5DE2F3A21BD567A200EB41D0 /* AppDelegate.swift in Sources */,
				5DE2F3D01BD56AE900EB41D0 /* GrailDiaryTableViewController.swift in Sources */,
				5DE2F3D21BD56BEC00EB41D0 /* PageShiftCell.swift in Sources */,
				5DE2F3D41BD5715A00EB41D0 /* Model.swift in Sources */,
			);
			runOnlyForDeploymentPostprocessing = 0;
		};
		5DE2F3AE1BD567A300EB41D0 /* Sources */ = {
			isa = PBXSourcesBuildPhase;
			buildActionMask = 2147483647;
			files = (
				5DE2F3B71BD567A300EB41D0 /* The_Grial_DiaryTests.swift in Sources */,
			);
			runOnlyForDeploymentPostprocessing = 0;
		};
		5DE2F3B91BD567A300EB41D0 /* Sources */ = {
			isa = PBXSourcesBuildPhase;
			buildActionMask = 2147483647;
			files = (
				5DE2F3C21BD567A300EB41D0 /* The_Grial_DiaryUITests.swift in Sources */,
			);
			runOnlyForDeploymentPostprocessing = 0;
		};
/* End PBXSourcesBuildPhase section */

/* Begin PBXTargetDependency section */
		5DE2F3B41BD567A300EB41D0 /* PBXTargetDependency */ = {
			isa = PBXTargetDependency;
			target = 5DE2F39D1BD567A200EB41D0 /* The Grial Diary */;
			targetProxy = 5DE2F3B31BD567A300EB41D0 /* PBXContainerItemProxy */;
		};
		5DE2F3BF1BD567A300EB41D0 /* PBXTargetDependency */ = {
			isa = PBXTargetDependency;
			target = 5DE2F39D1BD567A200EB41D0 /* The Grial Diary */;
			targetProxy = 5DE2F3BE1BD567A300EB41D0 /* PBXContainerItemProxy */;
		};
/* End PBXTargetDependency section */

/* Begin PBXVariantGroup section */
		5DE2F3A51BD567A200EB41D0 /* Main.storyboard */ = {
			isa = PBXVariantGroup;
			children = (
				5DE2F3A61BD567A200EB41D0 /* Base */,
			);
			name = Main.storyboard;
			sourceTree = "<group>";
		};
		5DE2F3AA1BD567A200EB41D0 /* LaunchScreen.storyboard */ = {
			isa = PBXVariantGroup;
			children = (
				5DE2F3AB1BD567A200EB41D0 /* Base */,
			);
			name = LaunchScreen.storyboard;
			sourceTree = "<group>";
		};
/* End PBXVariantGroup section */

/* Begin XCBuildConfiguration section */
		5DE2F3C41BD567A300EB41D0 /* Debug */ = {
			isa = XCBuildConfiguration;
			buildSettings = {
				ALWAYS_SEARCH_USER_PATHS = NO;
				CLANG_CXX_LANGUAGE_STANDARD = "gnu++0x";
				CLANG_CXX_LIBRARY = "libc++";
				CLANG_ENABLE_MODULES = YES;
				CLANG_ENABLE_OBJC_ARC = YES;
				CLANG_WARN_BOOL_CONVERSION = YES;
				CLANG_WARN_CONSTANT_CONVERSION = YES;
				CLANG_WARN_DIRECT_OBJC_ISA_USAGE = YES_ERROR;
				CLANG_WARN_EMPTY_BODY = YES;
				CLANG_WARN_ENUM_CONVERSION = YES;
				CLANG_WARN_INT_CONVERSION = YES;
				CLANG_WARN_OBJC_ROOT_CLASS = YES_ERROR;
				CLANG_WARN_UNREACHABLE_CODE = YES;
				CLANG_WARN__DUPLICATE_METHOD_MATCH = YES;
				"CODE_SIGN_IDENTITY[sdk=iphoneos*]" = "iPhone Developer";
				COPY_PHASE_STRIP = NO;
				DEBUG_INFORMATION_FORMAT = dwarf;
				ENABLE_STRICT_OBJC_MSGSEND = YES;
				ENABLE_TESTABILITY = YES;
				GCC_C_LANGUAGE_STANDARD = gnu99;
				GCC_DYNAMIC_NO_PIC = NO;
				GCC_NO_COMMON_BLOCKS = YES;
				GCC_OPTIMIZATION_LEVEL = 0;
				GCC_PREPROCESSOR_DEFINITIONS = (
					"DEBUG=1",
					"$(inherited)",
				);
				GCC_WARN_64_TO_32_BIT_CONVERSION = YES;
				GCC_WARN_ABOUT_RETURN_TYPE = YES_ERROR;
				GCC_WARN_UNDECLARED_SELECTOR = YES;
				GCC_WARN_UNINITIALIZED_AUTOS = YES_AGGRESSIVE;
				GCC_WARN_UNUSED_FUNCTION = YES;
				GCC_WARN_UNUSED_VARIABLE = YES;
				IPHONEOS_DEPLOYMENT_TARGET = 9.0;
				MTL_ENABLE_DEBUG_INFO = YES;
				ONLY_ACTIVE_ARCH = YES;
				SDKROOT = iphoneos;
				SWIFT_OPTIMIZATION_LEVEL = "-Onone";
			};
			name = Debug;
		};
		5DE2F3C51BD567A300EB41D0 /* Release */ = {
			isa = XCBuildConfiguration;
			buildSettings = {
				ALWAYS_SEARCH_USER_PATHS = NO;
				CLANG_CXX_LANGUAGE_STANDARD = "gnu++0x";
				CLANG_CXX_LIBRARY = "libc++";
				CLANG_ENABLE_MODULES = YES;
				CLANG_ENABLE_OBJC_ARC = YES;
				CLANG_WARN_BOOL_CONVERSION = YES;
				CLANG_WARN_CONSTANT_CONVERSION = YES;
				CLANG_WARN_DIRECT_OBJC_ISA_USAGE = YES_ERROR;
				CLANG_WARN_EMPTY_BODY = YES;
				CLANG_WARN_ENUM_CONVERSION = YES;
				CLANG_WARN_INT_CONVERSION = YES;
				CLANG_WARN_OBJC_ROOT_CLASS = YES_ERROR;
				CLANG_WARN_UNREACHABLE_CODE = YES;
				CLANG_WARN__DUPLICATE_METHOD_MATCH = YES;
				"CODE_SIGN_IDENTITY[sdk=iphoneos*]" = "iPhone Developer";
				COPY_PHASE_STRIP = NO;
				DEBUG_INFORMATION_FORMAT = "dwarf-with-dsym";
				ENABLE_NS_ASSERTIONS = NO;
				ENABLE_STRICT_OBJC_MSGSEND = YES;
				GCC_C_LANGUAGE_STANDARD = gnu99;
				GCC_NO_COMMON_BLOCKS = YES;
				GCC_WARN_64_TO_32_BIT_CONVERSION = YES;
				GCC_WARN_ABOUT_RETURN_TYPE = YES_ERROR;
				GCC_WARN_UNDECLARED_SELECTOR = YES;
				GCC_WARN_UNINITIALIZED_AUTOS = YES_AGGRESSIVE;
				GCC_WARN_UNUSED_FUNCTION = YES;
				GCC_WARN_UNUSED_VARIABLE = YES;
				IPHONEOS_DEPLOYMENT_TARGET = 9.0;
				MTL_ENABLE_DEBUG_INFO = NO;
				SDKROOT = iphoneos;
				VALIDATE_PRODUCT = YES;
			};
			name = Release;
		};
		5DE2F3C71BD567A300EB41D0 /* Debug */ = {
			isa = XCBuildConfiguration;
			buildSettings = {
				ASSETCATALOG_COMPILER_APPICON_NAME = AppIcon;
				INFOPLIST_FILE = "The Grial Diary/Info.plist";
				LD_RUNPATH_SEARCH_PATHS = "$(inherited) @executable_path/Frameworks";
				PRODUCT_BUNDLE_IDENTIFIER = "com.tiy.The-Grial-Diary";
				PRODUCT_NAME = "$(TARGET_NAME)";
			};
			name = Debug;
		};
		5DE2F3C81BD567A300EB41D0 /* Release */ = {
			isa = XCBuildConfiguration;
			buildSettings = {
				ASSETCATALOG_COMPILER_APPICON_NAME = AppIcon;
				INFOPLIST_FILE = "The Grial Diary/Info.plist";
				LD_RUNPATH_SEARCH_PATHS = "$(inherited) @executable_path/Frameworks";
				PRODUCT_BUNDLE_IDENTIFIER = "com.tiy.The-Grial-Diary";
				PRODUCT_NAME = "$(TARGET_NAME)";
			};
			name = Release;
		};
		5DE2F3CA1BD567A300EB41D0 /* Debug */ = {
			isa = XCBuildConfiguration;
			buildSettings = {
				BUNDLE_LOADER = "$(TEST_HOST)";
				INFOPLIST_FILE = "The Grial DiaryTests/Info.plist";
				LD_RUNPATH_SEARCH_PATHS = "$(inherited) @executable_path/Frameworks @loader_path/Frameworks";
				PRODUCT_BUNDLE_IDENTIFIER = "com.tiy.The-Grial-DiaryTests";
				PRODUCT_NAME = "$(TARGET_NAME)";
				TEST_HOST = "$(BUILT_PRODUCTS_DIR)/The Grial Diary.app/The Grial Diary";
			};
			name = Debug;
		};
		5DE2F3CB1BD567A300EB41D0 /* Release */ = {
			isa = XCBuildConfiguration;
			buildSettings = {
				BUNDLE_LOADER = "$(TEST_HOST)";
				INFOPLIST_FILE = "The Grial DiaryTests/Info.plist";
				LD_RUNPATH_SEARCH_PATHS = "$(inherited) @executable_path/Frameworks @loader_path/Frameworks";
				PRODUCT_BUNDLE_IDENTIFIER = "com.tiy.The-Grial-DiaryTests";
				PRODUCT_NAME = "$(TARGET_NAME)";
				TEST_HOST = "$(BUILT_PRODUCTS_DIR)/The Grial Diary.app/The Grial Diary";
			};
			name = Release;
		};
		5DE2F3CD1BD567A300EB41D0 /* Debug */ = {
			isa = XCBuildConfiguration;
			buildSettings = {
				INFOPLIST_FILE = "The Grial DiaryUITests/Info.plist";
				LD_RUNPATH_SEARCH_PATHS = "$(inherited) @executable_path/Frameworks @loader_path/Frameworks";
				PRODUCT_BUNDLE_IDENTIFIER = "com.tiy.The-Grial-DiaryUITests";
				PRODUCT_NAME = "$(TARGET_NAME)";
				TEST_TARGET_NAME = "The Grial Diary";
				USES_XCTRUNNER = YES;
			};
			name = Debug;
		};
		5DE2F3CE1BD567A300EB41D0 /* Release */ = {
			isa = XCBuildConfiguration;
			buildSettings = {
				INFOPLIST_FILE = "The Grial DiaryUITests/Info.plist";
				LD_RUNPATH_SEARCH_PATHS = "$(inherited) @executable_path/Frameworks @loader_path/Frameworks";
				PRODUCT_BUNDLE_IDENTIFIER = "com.tiy.The-Grial-DiaryUITests";
				PRODUCT_NAME = "$(TARGET_NAME)";
				TEST_TARGET_NAME = "The Grial Diary";
				USES_XCTRUNNER = YES;
			};
			name = Release;
		};
/* End XCBuildConfiguration section */

/* Begin XCConfigurationList section */
		5DE2F3991BD567A200EB41D0 /* Build configuration list for PBXProject "The Grial Diary" */ = {
			isa = XCConfigurationList;
			buildConfigurations = (
				5DE2F3C41BD567A300EB41D0 /* Debug */,
				5DE2F3C51BD567A300EB41D0 /* Release */,
			);
			defaultConfigurationIsVisible = 0;
			defaultConfigurationName = Release;
		};
		5DE2F3C61BD567A300EB41D0 /* Build configuration list for PBXNativeTarget "The Grial Diary" */ = {
			isa = XCConfigurationList;
			buildConfigurations = (
				5DE2F3C71BD567A300EB41D0 /* Debug */,
				5DE2F3C81BD567A300EB41D0 /* Release */,
			);
			defaultConfigurationIsVisible = 0;
		};
		5DE2F3C91BD567A300EB41D0 /* Build configuration list for PBXNativeTarget "The Grial DiaryTests" */ = {
			isa = XCConfigurationList;
			buildConfigurations = (
				5DE2F3CA1BD567A300EB41D0 /* Debug */,
				5DE2F3CB1BD567A300EB41D0 /* Release */,
			);
			defaultConfigurationIsVisible = 0;
		};
		5DE2F3CC1BD567A300EB41D0 /* Build configuration list for PBXNativeTarget "The Grial DiaryUITests" */ = {
			isa = XCConfigurationList;
			buildConfigurations = (
				5DE2F3CD1BD567A300EB41D0 /* Debug */,
				5DE2F3CE1BD567A300EB41D0 /* Release */,
			);
			defaultConfigurationIsVisible = 0;
		};
/* End XCConfigurationList section */
	};
	rootObject = 5DE2F3961BD567A200EB41D0 /* Project object */;
}
