// !$*UTF8*$!
{
	archiveVersion = 1;
	classes = {
	};
	objectVersion = 46;
	objects = {

/* Begin PBXBuildFile section */
		5DCDEDB61BF12AF5002C7EA1 /* TimeCircutsViewController.m in Sources */ = {isa = PBXBuildFile; fileRef = 5DCDEDB51BF12AF5002C7EA1 /* TimeCircutsViewController.m */; };
		5DCDEDB81BF12BC7002C7EA1 /* digital-7(3).ttf in Resources */ = {isa = PBXBuildFile; fileRef = 5DCDEDB71BF12BC7002C7EA1 /* digital-7(3).ttf */; };
		5DFF04A91BF1216A0067BAD3 /* main.m in Sources */ = {isa = PBXBuildFile; fileRef = 5DFF04A81BF1216A0067BAD3 /* main.m */; };
		5DFF04AC1BF1216A0067BAD3 /* AppDelegate.m in Sources */ = {isa = PBXBuildFile; fileRef = 5DFF04AB1BF1216A0067BAD3 /* AppDelegate.m */; };
		5DFF04B21BF1216A0067BAD3 /* Main.storyboard in Resources */ = {isa = PBXBuildFile; fileRef = 5DFF04B01BF1216A0067BAD3 /* Main.storyboard */; };
		5DFF04B41BF1216A0067BAD3 /* Assets.xcassets in Resources */ = {isa = PBXBuildFile; fileRef = 5DFF04B31BF1216A0067BAD3 /* Assets.xcassets */; };
		5DFF04B71BF1216A0067BAD3 /* LaunchScreen.storyboard in Resources */ = {isa = PBXBuildFile; fileRef = 5DFF04B51BF1216A0067BAD3 /* LaunchScreen.storyboard */; };
		5DFF04C01BF121E80067BAD3 /* OuttaTimeViewController.m in Sources */ = {isa = PBXBuildFile; fileRef = 5DFF04BF1BF121E80067BAD3 /* OuttaTimeViewController.m */; };
/* End PBXBuildFile section */

/* Begin PBXFileReference section */
		5DCDEDB41BF12AF5002C7EA1 /* TimeCircutsViewController.h */ = {isa = PBXFileReference; fileEncoding = 4; lastKnownFileType = sourcecode.c.h; path = TimeCircutsViewController.h; sourceTree = "<group>"; };
		5DCDEDB51BF12AF5002C7EA1 /* TimeCircutsViewController.m */ = {isa = PBXFileReference; fileEncoding = 4; lastKnownFileType = sourcecode.c.objc; path = TimeCircutsViewController.m; sourceTree = "<group>"; };
		5DCDEDB71BF12BC7002C7EA1 /* digital-7(3).ttf */ = {isa = PBXFileReference; lastKnownFileType = file; path = "digital-7(3).ttf"; sourceTree = "<group>"; };
		5DFF04A41BF1216A0067BAD3 /* OuttaTimeObjectiveC.app */ = {isa = PBXFileReference; explicitFileType = wrapper.application; includeInIndex = 0; path = OuttaTimeObjectiveC.app; sourceTree = BUILT_PRODUCTS_DIR; };
		5DFF04A81BF1216A0067BAD3 /* main.m */ = {isa = PBXFileReference; lastKnownFileType = sourcecode.c.objc; path = main.m; sourceTree = "<group>"; };
		5DFF04AA1BF1216A0067BAD3 /* AppDelegate.h */ = {isa = PBXFileReference; lastKnownFileType = sourcecode.c.h; path = AppDelegate.h; sourceTree = "<group>"; };
		5DFF04AB1BF1216A0067BAD3 /* AppDelegate.m */ = {isa = PBXFileReference; lastKnownFileType = sourcecode.c.objc; path = AppDelegate.m; sourceTree = "<group>"; };
		5DFF04B11BF1216A0067BAD3 /* Base */ = {isa = PBXFileReference; lastKnownFileType = file.storyboard; name = Base; path = Base.lproj/Main.storyboard; sourceTree = "<group>"; };
		5DFF04B31BF1216A0067BAD3 /* Assets.xcassets */ = {isa = PBXFileReference; lastKnownFileType = folder.assetcatalog; path = Assets.xcassets; sourceTree = "<group>"; };
		5DFF04B61BF1216A0067BAD3 /* Base */ = {isa = PBXFileReference; lastKnownFileType = file.storyboard; name = Base; path = Base.lproj/LaunchScreen.storyboard; sourceTree = "<group>"; };
		5DFF04B81BF1216A0067BAD3 /* Info.plist */ = {isa = PBXFileReference; lastKnownFileType = text.plist.xml; path = Info.plist; sourceTree = "<group>"; };
		5DFF04BE1BF121E80067BAD3 /* OuttaTimeViewController.h */ = {isa = PBXFileReference; fileEncoding = 4; lastKnownFileType = sourcecode.c.h; path = OuttaTimeViewController.h; sourceTree = "<group>"; };
		5DFF04BF1BF121E80067BAD3 /* OuttaTimeViewController.m */ = {isa = PBXFileReference; fileEncoding = 4; lastKnownFileType = sourcecode.c.objc; path = OuttaTimeViewController.m; sourceTree = "<group>"; };
/* End PBXFileReference section */

/* Begin PBXFrameworksBuildPhase section */
		5DFF04A11BF1216A0067BAD3 /* Frameworks */ = {
			isa = PBXFrameworksBuildPhase;
			buildActionMask = 2147483647;
			files = (
			);
			runOnlyForDeploymentPostprocessing = 0;
		};
/* End PBXFrameworksBuildPhase section */

/* Begin PBXGroup section */
		5DFF049B1BF1216A0067BAD3 = {
			isa = PBXGroup;
			children = (
				5DFF04A61BF1216A0067BAD3 /* OuttaTimeObjectiveC */,
				5DFF04A51BF1216A0067BAD3 /* Products */,
			);
			sourceTree = "<group>";
		};
		5DFF04A51BF1216A0067BAD3 /* Products */ = {
			isa = PBXGroup;
			children = (
				5DFF04A41BF1216A0067BAD3 /* OuttaTimeObjectiveC.app */,
			);
			name = Products;
			sourceTree = "<group>";
		};
		5DFF04A61BF1216A0067BAD3 /* OuttaTimeObjectiveC */ = {
			isa = PBXGroup;
			children = (
				5DFF04AA1BF1216A0067BAD3 /* AppDelegate.h */,
				5DFF04AB1BF1216A0067BAD3 /* AppDelegate.m */,
				5DFF04BE1BF121E80067BAD3 /* OuttaTimeViewController.h */,
				5DFF04BF1BF121E80067BAD3 /* OuttaTimeViewController.m */,
				5DCDEDB41BF12AF5002C7EA1 /* TimeCircutsViewController.h */,
				5DCDEDB51BF12AF5002C7EA1 /* TimeCircutsViewController.m */,
				5DCDEDB71BF12BC7002C7EA1 /* digital-7(3).ttf */,
				5DFF04B01BF1216A0067BAD3 /* Main.storyboard */,
				5DFF04B31BF1216A0067BAD3 /* Assets.xcassets */,
				5DFF04B51BF1216A0067BAD3 /* LaunchScreen.storyboard */,
				5DFF04B81BF1216A0067BAD3 /* Info.plist */,
				5DFF04A71BF1216A0067BAD3 /* Supporting Files */,
			);
			path = OuttaTimeObjectiveC;
			sourceTree = "<group>";
		};
		5DFF04A71BF1216A0067BAD3 /* Supporting Files */ = {
			isa = PBXGroup;
			children = (
				5DFF04A81BF1216A0067BAD3 /* main.m */,
			);
			name = "Supporting Files";
			sourceTree = "<group>";
		};
/* End PBXGroup section */

/* Begin PBXNativeTarget section */
		5DFF04A31BF1216A0067BAD3 /* OuttaTimeObjectiveC */ = {
			isa = PBXNativeTarget;
			buildConfigurationList = 5DFF04BB1BF1216A0067BAD3 /* Build configuration list for PBXNativeTarget "OuttaTimeObjectiveC" */;
			buildPhases = (
				5DFF04A01BF1216A0067BAD3 /* Sources */,
				5DFF04A11BF1216A0067BAD3 /* Frameworks */,
				5DFF04A21BF1216A0067BAD3 /* Resources */,
			);
			buildRules = (
			);
			dependencies = (
			);
			name = OuttaTimeObjectiveC;
			productName = OuttaTimeObjectiveC;
			productReference = 5DFF04A41BF1216A0067BAD3 /* OuttaTimeObjectiveC.app */;
			productType = "com.apple.product-type.application";
		};
/* End PBXNativeTarget section */

/* Begin PBXProject section */
		5DFF049C1BF1216A0067BAD3 /* Project object */ = {
			isa = PBXProject;
			attributes = {
				LastUpgradeCheck = 0710;
				ORGANIZATIONNAME = "The Iron Yard";
				TargetAttributes = {
					5DFF04A31BF1216A0067BAD3 = {
						CreatedOnToolsVersion = 7.1;
					};
				};
			};
			buildConfigurationList = 5DFF049F1BF1216A0067BAD3 /* Build configuration list for PBXProject "OuttaTimeObjectiveC" */;
			compatibilityVersion = "Xcode 3.2";
			developmentRegion = English;
			hasScannedForEncodings = 0;
			knownRegions = (
				en,
				Base,
			);
			mainGroup = 5DFF049B1BF1216A0067BAD3;
			productRefGroup = 5DFF04A51BF1216A0067BAD3 /* Products */;
			projectDirPath = "";
			projectRoot = "";
			targets = (
				5DFF04A31BF1216A0067BAD3 /* OuttaTimeObjectiveC */,
			);
		};
/* End PBXProject section */

/* Begin PBXResourcesBuildPhase section */
		5DFF04A21BF1216A0067BAD3 /* Resources */ = {
			isa = PBXResourcesBuildPhase;
			buildActionMask = 2147483647;
			files = (
				5DFF04B71BF1216A0067BAD3 /* LaunchScreen.storyboard in Resources */,
				5DFF04B41BF1216A0067BAD3 /* Assets.xcassets in Resources */,
				5DCDEDB81BF12BC7002C7EA1 /* digital-7(3).ttf in Resources */,
				5DFF04B21BF1216A0067BAD3 /* Main.storyboard in Resources */,
			);
			runOnlyForDeploymentPostprocessing = 0;
		};
/* End PBXResourcesBuildPhase section */

/* Begin PBXSourcesBuildPhase section */
		5DFF04A01BF1216A0067BAD3 /* Sources */ = {
			isa = PBXSourcesBuildPhase;
			buildActionMask = 2147483647;
			files = (
				5DFF04AC1BF1216A0067BAD3 /* AppDelegate.m in Sources */,
				5DCDEDB61BF12AF5002C7EA1 /* TimeCircutsViewController.m in Sources */,
				5DFF04C01BF121E80067BAD3 /* OuttaTimeViewController.m in Sources */,
				5DFF04A91BF1216A0067BAD3 /* main.m in Sources */,
			);
			runOnlyForDeploymentPostprocessing = 0;
		};
/* End PBXSourcesBuildPhase section */

/* Begin PBXVariantGroup section */
		5DFF04B01BF1216A0067BAD3 /* Main.storyboard */ = {
			isa = PBXVariantGroup;
			children = (
				5DFF04B11BF1216A0067BAD3 /* Base */,
			);
			name = Main.storyboard;
			sourceTree = "<group>";
		};
		5DFF04B51BF1216A0067BAD3 /* LaunchScreen.storyboard */ = {
			isa = PBXVariantGroup;
			children = (
				5DFF04B61BF1216A0067BAD3 /* Base */,
			);
			name = LaunchScreen.storyboard;
			sourceTree = "<group>";
		};
/* End PBXVariantGroup section */

/* Begin XCBuildConfiguration section */
		5DFF04B91BF1216A0067BAD3 /* Debug */ = {
			isa = XCBuildConfiguration;
			buildSettings = {
				ALWAYS_SEARCH_USER_PATHS = NO;
				CLANG_CXX_LANGUAGE_STANDARD = "gnu++0x";
				CLANG_CXX_LIBRARY = "libc++";
				CLANG_ENABLE_MODULES = YES;
				CLANG_ENABLE_OBJC_ARC = YES;
				CLANG_WARN_BOOL_CONVERSION = YES;
				CLANG_WARN_CONSTANT_CONVERSION = YES;
				CLANG_WARN_DIRECT_OBJC_ISA_USAGE = YES_ERROR;
				CLANG_WARN_EMPTY_BODY = YES;
				CLANG_WARN_ENUM_CONVERSION = YES;
				CLANG_WARN_INT_CONVERSION = YES;
				CLANG_WARN_OBJC_ROOT_CLASS = YES_ERROR;
				CLANG_WARN_UNREACHABLE_CODE = YES;
				CLANG_WARN__DUPLICATE_METHOD_MATCH = YES;
				"CODE_SIGN_IDENTITY[sdk=iphoneos*]" = "iPhone Developer";
				COPY_PHASE_STRIP = NO;
				DEBUG_INFORMATION_FORMAT = dwarf;
				ENABLE_STRICT_OBJC_MSGSEND = YES;
				ENABLE_TESTABILITY = YES;
				GCC_C_LANGUAGE_STANDARD = gnu99;
				GCC_DYNAMIC_NO_PIC = NO;
				GCC_NO_COMMON_BLOCKS = YES;
				GCC_OPTIMIZATION_LEVEL = 0;
				GCC_PREPROCESSOR_DEFINITIONS = (
					"DEBUG=1",
					"$(inherited)",
				);
				GCC_WARN_64_TO_32_BIT_CONVERSION = YES;
				GCC_WARN_ABOUT_RETURN_TYPE = YES_ERROR;
				GCC_WARN_UNDECLARED_SELECTOR = YES;
				GCC_WARN_UNINITIALIZED_AUTOS = YES_AGGRESSIVE;
				GCC_WARN_UNUSED_FUNCTION = YES;
				GCC_WARN_UNUSED_VARIABLE = YES;
				IPHONEOS_DEPLOYMENT_TARGET = 9.1;
				MTL_ENABLE_DEBUG_INFO = YES;
				ONLY_ACTIVE_ARCH = YES;
				SDKROOT = iphoneos;
			};
			name = Debug;
		};
		5DFF04BA1BF1216A0067BAD3 /* Release */ = {
			isa = XCBuildConfiguration;
			buildSettings = {
				ALWAYS_SEARCH_USER_PATHS = NO;
				CLANG_CXX_LANGUAGE_STANDARD = "gnu++0x";
				CLANG_CXX_LIBRARY = "libc++";
				CLANG_ENABLE_MODULES = YES;
				CLANG_ENABLE_OBJC_ARC = YES;
				CLANG_WARN_BOOL_CONVERSION = YES;
				CLANG_WARN_CONSTANT_CONVERSION = YES;
				CLANG_WARN_DIRECT_OBJC_ISA_USAGE = YES_ERROR;
				CLANG_WARN_EMPTY_BODY = YES;
				CLANG_WARN_ENUM_CONVERSION = YES;
				CLANG_WARN_INT_CONVERSION = YES;
				CLANG_WARN_OBJC_ROOT_CLASS = YES_ERROR;
				CLANG_WARN_UNREACHABLE_CODE = YES;
				CLANG_WARN__DUPLICATE_METHOD_MATCH = YES;
				"CODE_SIGN_IDENTITY[sdk=iphoneos*]" = "iPhone Developer";
				COPY_PHASE_STRIP = NO;
				DEBUG_INFORMATION_FORMAT = "dwarf-with-dsym";
				ENABLE_NS_ASSERTIONS = NO;
				ENABLE_STRICT_OBJC_MSGSEND = YES;
				GCC_C_LANGUAGE_STANDARD = gnu99;
				GCC_NO_COMMON_BLOCKS = YES;
				GCC_WARN_64_TO_32_BIT_CONVERSION = YES;
				GCC_WARN_ABOUT_RETURN_TYPE = YES_ERROR;
				GCC_WARN_UNDECLARED_SELECTOR = YES;
				GCC_WARN_UNINITIALIZED_AUTOS = YES_AGGRESSIVE;
				GCC_WARN_UNUSED_FUNCTION = YES;
				GCC_WARN_UNUSED_VARIABLE = YES;
				IPHONEOS_DEPLOYMENT_TARGET = 9.1;
				MTL_ENABLE_DEBUG_INFO = NO;
				SDKROOT = iphoneos;
				VALIDATE_PRODUCT = YES;
			};
			name = Release;
		};
		5DFF04BC1BF1216A0067BAD3 /* Debug */ = {
			isa = XCBuildConfiguration;
			buildSettings = {
				ASSETCATALOG_COMPILER_APPICON_NAME = AppIcon;
				INFOPLIST_FILE = OuttaTimeObjectiveC/Info.plist;
				LD_RUNPATH_SEARCH_PATHS = "$(inherited) @executable_path/Frameworks";
				PRODUCT_BUNDLE_IDENTIFIER = com.tiy.OuttaTimeObjectiveC;
				PRODUCT_NAME = "$(TARGET_NAME)";
			};
			name = Debug;
		};
		5DFF04BD1BF1216A0067BAD3 /* Release */ = {
			isa = XCBuildConfiguration;
			buildSettings = {
				ASSETCATALOG_COMPILER_APPICON_NAME = AppIcon;
				INFOPLIST_FILE = OuttaTimeObjectiveC/Info.plist;
				LD_RUNPATH_SEARCH_PATHS = "$(inherited) @executable_path/Frameworks";
				PRODUCT_BUNDLE_IDENTIFIER = com.tiy.OuttaTimeObjectiveC;
				PRODUCT_NAME = "$(TARGET_NAME)";
			};
			name = Release;
		};
/* End XCBuildConfiguration section */

/* Begin XCConfigurationList section */
		5DFF049F1BF1216A0067BAD3 /* Build configuration list for PBXProject "OuttaTimeObjectiveC" */ = {
			isa = XCConfigurationList;
			buildConfigurations = (
				5DFF04B91BF1216A0067BAD3 /* Debug */,
				5DFF04BA1BF1216A0067BAD3 /* Release */,
			);
			defaultConfigurationIsVisible = 0;
			defaultConfigurationName = Release;
		};
		5DFF04BB1BF1216A0067BAD3 /* Build configuration list for PBXNativeTarget "OuttaTimeObjectiveC" */ = {
			isa = XCConfigurationList;
			buildConfigurations = (
				5DFF04BC1BF1216A0067BAD3 /* Debug */,
				5DFF04BD1BF1216A0067BAD3 /* Release */,
			);
			defaultConfigurationIsVisible = 0;
			defaultConfigurationName = Release;
		};
/* End XCConfigurationList section */
	};
	rootObject = 5DFF049C1BF1216A0067BAD3 /* Project object */;
}
