// !$*UTF8*$!
{
	archiveVersion = 1;
	classes = {
	};
	objectVersion = 46;
	objects = {

/* Begin PBXBuildFile section */
		54BDCBFA0ACBF7E8F1480E27 /* libPods-The New Hero Tracker.a in Frameworks */ = {isa = PBXBuildFile; fileRef = 851C780C32857FF59404C045 /* libPods-The New Hero Tracker.a */; };
		5D1786191BFD140000B983D6 /* Main.storyboard in Resources */ = {isa = PBXBuildFile; fileRef = 5D1786181BFD140000B983D6 /* Main.storyboard */; };
		5D17861C1BFD228500B983D6 /* Black-Iron-Man.jpg in Resources */ = {isa = PBXBuildFile; fileRef = 5D17861B1BFD228500B983D6 /* Black-Iron-Man.jpg */; };
		5D344D841BEAF34800ECC31A /* LoginViewController.swift in Sources */ = {isa = PBXBuildFile; fileRef = 5D344D831BEAF34800ECC31A /* LoginViewController.swift */; };
		5D344D881BEAF83100ECC31A /* RegisterViewController.swift in Sources */ = {isa = PBXBuildFile; fileRef = 5D344D871BEAF83100ECC31A /* RegisterViewController.swift */; };
		5D344D8A1BEBABCA00ECC31A /* thor.jpg in Resources */ = {isa = PBXBuildFile; fileRef = 5D344D891BEBABCA00ECC31A /* thor.jpg */; };
		5D344D8C1BED5F2D00ECC31A /* TipsTableViewController.swift in Sources */ = {isa = PBXBuildFile; fileRef = 5D344D8B1BED5F2D00ECC31A /* TipsTableViewController.swift */; };
		5D344D8E1BED698000ECC31A /* TipTableViewCell.swift in Sources */ = {isa = PBXBuildFile; fileRef = 5D344D8D1BED698000ECC31A /* TipTableViewCell.swift */; };
		5DC3E4731BD99D2900065358 /* AppDelegate.swift in Sources */ = {isa = PBXBuildFile; fileRef = 5DC3E4721BD99D2900065358 /* AppDelegate.swift */; };
		5DC3E47A1BD99D2A00065358 /* Assets.xcassets in Resources */ = {isa = PBXBuildFile; fileRef = 5DC3E4791BD99D2A00065358 /* Assets.xcassets */; };
		5DC3E47D1BD99D2A00065358 /* LaunchScreen.storyboard in Resources */ = {isa = PBXBuildFile; fileRef = 5DC3E47B1BD99D2A00065358 /* LaunchScreen.storyboard */; };
		5DC3E4851BD99D8600065358 /* TheHeroesTableViewController.swift in Sources */ = {isa = PBXBuildFile; fileRef = 5DC3E4841BD99D8600065358 /* TheHeroesTableViewController.swift */; };
		5DC3E4871BD9A45F00065358 /* Hero.swift in Sources */ = {isa = PBXBuildFile; fileRef = 5DC3E4861BD9A45F00065358 /* Hero.swift */; };
		5DC3E4891BD9B73E00065358 /* heroes.json in Resources */ = {isa = PBXBuildFile; fileRef = 5DC3E4881BD9B73E00065358 /* heroes.json */; };
		5DD45E7C1BDAAF74006578D9 /* avengers.png in Resources */ = {isa = PBXBuildFile; fileRef = 5DD45E7B1BDAAF74006578D9 /* avengers.png */; };
		5DD45E7E1BDC5DBC006578D9 /* HeroDetailViewController.swift in Sources */ = {isa = PBXBuildFile; fileRef = 5DD45E7D1BDC5DBC006578D9 /* HeroDetailViewController.swift */; };
		5DD45E821BDC6EF4006578D9 /* DragonbonesBB_ital.ttf in Resources */ = {isa = PBXBuildFile; fileRef = 5DD45E7F1BDC6EF4006578D9 /* DragonbonesBB_ital.ttf */; };
		5DD45E831BDC6EF4006578D9 /* DragonbonesBB_reg.ttf in Resources */ = {isa = PBXBuildFile; fileRef = 5DD45E801BDC6EF4006578D9 /* DragonbonesBB_reg.ttf */; };
		5DD45E841BDC6EF4006578D9 /* DragonbonesBB_bold.ttf in Resources */ = {isa = PBXBuildFile; fileRef = 5DD45E811BDC6EF4006578D9 /* DragonbonesBB_bold.ttf */; };
		5DD45E8E1BDC9096006578D9 /* captain-america.jpg in Resources */ = {isa = PBXBuildFile; fileRef = 5DD45E851BDC9096006578D9 /* captain-america.jpg */; };
		5DD45E8F1BDC9096006578D9 /* gamora.jpg in Resources */ = {isa = PBXBuildFile; fileRef = 5DD45E861BDC9096006578D9 /* gamora.jpg */; };
		5DD45E901BDC9096006578D9 /* raccoon_rocket.jpg in Resources */ = {isa = PBXBuildFile; fileRef = 5DD45E871BDC9096006578D9 /* raccoon_rocket.jpg */; };
		5DD45E921BDC9096006578D9 /* muscle-hulk.jpg in Resources */ = {isa = PBXBuildFile; fileRef = 5DD45E891BDC9096006578D9 /* muscle-hulk.jpg */; };
		5DD45E931BDC9096006578D9 /* drax.jpg in Resources */ = {isa = PBXBuildFile; fileRef = 5DD45E8A1BDC9096006578D9 /* drax.jpg */; };
		5DD45E941BDC9096006578D9 /* starlord.jpg in Resources */ = {isa = PBXBuildFile; fileRef = 5DD45E8B1BDC9096006578D9 /* starlord.jpg */; };
		5DD45E961BDC9096006578D9 /* groot.jpg in Resources */ = {isa = PBXBuildFile; fileRef = 5DD45E8D1BDC9096006578D9 /* groot.jpg */; };
/* End PBXBuildFile section */

/* Begin PBXFileReference section */
		0C53E99B8894BC17797B1715 /* Pods-The New Hero Tracker.debug.xcconfig */ = {isa = PBXFileReference; includeInIndex = 1; lastKnownFileType = text.xcconfig; name = "Pods-The New Hero Tracker.debug.xcconfig"; path = "Pods/Target Support Files/Pods-The New Hero Tracker/Pods-The New Hero Tracker.debug.xcconfig"; sourceTree = "<group>"; };
		4104D3DB134ECB99A1E4BD8F /* Pods-The New Hero Tracker.release.xcconfig */ = {isa = PBXFileReference; includeInIndex = 1; lastKnownFileType = text.xcconfig; name = "Pods-The New Hero Tracker.release.xcconfig"; path = "Pods/Target Support Files/Pods-The New Hero Tracker/Pods-The New Hero Tracker.release.xcconfig"; sourceTree = "<group>"; };
		5D1786181BFD140000B983D6 /* Main.storyboard */ = {isa = PBXFileReference; fileEncoding = 4; lastKnownFileType = file.storyboard; path = Main.storyboard; sourceTree = "<group>"; };
		5D17861B1BFD228500B983D6 /* Black-Iron-Man.jpg */ = {isa = PBXFileReference; lastKnownFileType = image.jpeg; path = "Black-Iron-Man.jpg"; sourceTree = "<group>"; };
		5D344D801BEAE1A700ECC31A /* The New Hero Tracker-Bridging-Header.h */ = {isa = PBXFileReference; lastKnownFileType = sourcecode.c.h; path = "The New Hero Tracker-Bridging-Header.h"; sourceTree = "<group>"; };
		5D344D831BEAF34800ECC31A /* LoginViewController.swift */ = {isa = PBXFileReference; fileEncoding = 4; lastKnownFileType = sourcecode.swift; path = LoginViewController.swift; sourceTree = "<group>"; };
		5D344D871BEAF83100ECC31A /* RegisterViewController.swift */ = {isa = PBXFileReference; fileEncoding = 4; lastKnownFileType = sourcecode.swift; path = RegisterViewController.swift; sourceTree = "<group>"; };
		5D344D891BEBABCA00ECC31A /* thor.jpg */ = {isa = PBXFileReference; lastKnownFileType = image.jpeg; path = thor.jpg; sourceTree = "<group>"; };
		5D344D8B1BED5F2D00ECC31A /* TipsTableViewController.swift */ = {isa = PBXFileReference; fileEncoding = 4; lastKnownFileType = sourcecode.swift; path = TipsTableViewController.swift; sourceTree = "<group>"; };
		5D344D8D1BED698000ECC31A /* TipTableViewCell.swift */ = {isa = PBXFileReference; fileEncoding = 4; lastKnownFileType = sourcecode.swift; path = TipTableViewCell.swift; sourceTree = "<group>"; };
		5DC3E46F1BD99D2900065358 /* The New Hero Tracker.app */ = {isa = PBXFileReference; explicitFileType = wrapper.application; includeInIndex = 0; path = "The New Hero Tracker.app"; sourceTree = BUILT_PRODUCTS_DIR; };
		5DC3E4721BD99D2900065358 /* AppDelegate.swift */ = {isa = PBXFileReference; lastKnownFileType = sourcecode.swift; path = AppDelegate.swift; sourceTree = "<group>"; };
		5DC3E4791BD99D2A00065358 /* Assets.xcassets */ = {isa = PBXFileReference; lastKnownFileType = folder.assetcatalog; path = Assets.xcassets; sourceTree = "<group>"; };
		5DC3E47C1BD99D2A00065358 /* Base */ = {isa = PBXFileReference; lastKnownFileType = file.storyboard; name = Base; path = Base.lproj/LaunchScreen.storyboard; sourceTree = "<group>"; };
		5DC3E47E1BD99D2A00065358 /* Info.plist */ = {isa = PBXFileReference; lastKnownFileType = text.plist.xml; path = Info.plist; sourceTree = "<group>"; };
		5DC3E4841BD99D8600065358 /* TheHeroesTableViewController.swift */ = {isa = PBXFileReference; fileEncoding = 4; lastKnownFileType = sourcecode.swift; path = TheHeroesTableViewController.swift; sourceTree = "<group>"; };
		5DC3E4861BD9A45F00065358 /* Hero.swift */ = {isa = PBXFileReference; fileEncoding = 4; lastKnownFileType = sourcecode.swift; path = Hero.swift; sourceTree = "<group>"; };
		5DC3E4881BD9B73E00065358 /* heroes.json */ = {isa = PBXFileReference; fileEncoding = 4; lastKnownFileType = text.json; path = heroes.json; sourceTree = "<group>"; };
		5DD45E7B1BDAAF74006578D9 /* avengers.png */ = {isa = PBXFileReference; lastKnownFileType = image.png; path = avengers.png; sourceTree = "<group>"; };
		5DD45E7D1BDC5DBC006578D9 /* HeroDetailViewController.swift */ = {isa = PBXFileReference; fileEncoding = 4; lastKnownFileType = sourcecode.swift; path = HeroDetailViewController.swift; sourceTree = "<group>"; };
		5DD45E7F1BDC6EF4006578D9 /* DragonbonesBB_ital.ttf */ = {isa = PBXFileReference; lastKnownFileType = file; path = DragonbonesBB_ital.ttf; sourceTree = "<group>"; };
		5DD45E801BDC6EF4006578D9 /* DragonbonesBB_reg.ttf */ = {isa = PBXFileReference; lastKnownFileType = file; path = DragonbonesBB_reg.ttf; sourceTree = "<group>"; };
		5DD45E811BDC6EF4006578D9 /* DragonbonesBB_bold.ttf */ = {isa = PBXFileReference; lastKnownFileType = file; path = DragonbonesBB_bold.ttf; sourceTree = "<group>"; };
		5DD45E851BDC9096006578D9 /* captain-america.jpg */ = {isa = PBXFileReference; lastKnownFileType = image.jpeg; path = "captain-america.jpg"; sourceTree = "<group>"; };
		5DD45E861BDC9096006578D9 /* gamora.jpg */ = {isa = PBXFileReference; lastKnownFileType = image.jpeg; path = gamora.jpg; sourceTree = "<group>"; };
		5DD45E871BDC9096006578D9 /* raccoon_rocket.jpg */ = {isa = PBXFileReference; lastKnownFileType = image.jpeg; path = raccoon_rocket.jpg; sourceTree = "<group>"; };
		5DD45E891BDC9096006578D9 /* muscle-hulk.jpg */ = {isa = PBXFileReference; lastKnownFileType = image.jpeg; path = "muscle-hulk.jpg"; sourceTree = "<group>"; };
		5DD45E8A1BDC9096006578D9 /* drax.jpg */ = {isa = PBXFileReference; lastKnownFileType = image.jpeg; path = drax.jpg; sourceTree = "<group>"; };
		5DD45E8B1BDC9096006578D9 /* starlord.jpg */ = {isa = PBXFileReference; lastKnownFileType = image.jpeg; path = starlord.jpg; sourceTree = "<group>"; };
		5DD45E8D1BDC9096006578D9 /* groot.jpg */ = {isa = PBXFileReference; lastKnownFileType = image.jpeg; path = groot.jpg; sourceTree = "<group>"; };
		851C780C32857FF59404C045 /* libPods-The New Hero Tracker.a */ = {isa = PBXFileReference; explicitFileType = archive.ar; includeInIndex = 0; path = "libPods-The New Hero Tracker.a"; sourceTree = BUILT_PRODUCTS_DIR; };
/* End PBXFileReference section */

/* Begin PBXFrameworksBuildPhase section */
		5DC3E46C1BD99D2900065358 /* Frameworks */ = {
			isa = PBXFrameworksBuildPhase;
			buildActionMask = 2147483647;
			files = (
				54BDCBFA0ACBF7E8F1480E27 /* libPods-The New Hero Tracker.a in Frameworks */,
			);
			runOnlyForDeploymentPostprocessing = 0;
		};
/* End PBXFrameworksBuildPhase section */

/* Begin PBXGroup section */
		470A9DF9B8F34912728082E6 /* Pods */ = {
			isa = PBXGroup;
			children = (
				0C53E99B8894BC17797B1715 /* Pods-The New Hero Tracker.debug.xcconfig */,
				4104D3DB134ECB99A1E4BD8F /* Pods-The New Hero Tracker.release.xcconfig */,
			);
			name = Pods;
			sourceTree = "<group>";
		};
		5DC3E4661BD99D2900065358 = {
			isa = PBXGroup;
			children = (
				5DC3E4711BD99D2900065358 /* The New Hero Tracker */,
				5DC3E4701BD99D2900065358 /* Products */,
				470A9DF9B8F34912728082E6 /* Pods */,
				CD31D39D93898B476119F6B6 /* Frameworks */,
			);
			sourceTree = "<group>";
		};
		5DC3E4701BD99D2900065358 /* Products */ = {
			isa = PBXGroup;
			children = (
				5DC3E46F1BD99D2900065358 /* The New Hero Tracker.app */,
			);
			name = Products;
			sourceTree = "<group>";
		};
		5DC3E4711BD99D2900065358 /* The New Hero Tracker */ = {
			isa = PBXGroup;
			children = (
				5D344D891BEBABCA00ECC31A /* thor.jpg */,
				5DC3E4721BD99D2900065358 /* AppDelegate.swift */,
				5DC3E4841BD99D8600065358 /* TheHeroesTableViewController.swift */,
				5DD45E7D1BDC5DBC006578D9 /* HeroDetailViewController.swift */,
				5DC3E4861BD9A45F00065358 /* Hero.swift */,
				5D344D831BEAF34800ECC31A /* LoginViewController.swift */,
				5D344D871BEAF83100ECC31A /* RegisterViewController.swift */,
				5D344D8B1BED5F2D00ECC31A /* TipsTableViewController.swift */,
				5D344D8D1BED698000ECC31A /* TipTableViewCell.swift */,
				5D1786181BFD140000B983D6 /* Main.storyboard */,
				5DC3E4881BD9B73E00065358 /* heroes.json */,
				5DD45E7B1BDAAF74006578D9 /* avengers.png */,
				5DD45E7F1BDC6EF4006578D9 /* DragonbonesBB_ital.ttf */,
				5DD45E801BDC6EF4006578D9 /* DragonbonesBB_reg.ttf */,
				5DD45E811BDC6EF4006578D9 /* DragonbonesBB_bold.ttf */,
				5DD45E851BDC9096006578D9 /* captain-america.jpg */,
				5DD45E861BDC9096006578D9 /* gamora.jpg */,
				5D17861B1BFD228500B983D6 /* Black-Iron-Man.jpg */,
				5DD45E871BDC9096006578D9 /* raccoon_rocket.jpg */,
				5DD45E891BDC9096006578D9 /* muscle-hulk.jpg */,
				5DD45E8A1BDC9096006578D9 /* drax.jpg */,
				5DD45E8B1BDC9096006578D9 /* starlord.jpg */,
				5DD45E8D1BDC9096006578D9 /* groot.jpg */,
				5DC3E4791BD99D2A00065358 /* Assets.xcassets */,
				5DC3E47B1BD99D2A00065358 /* LaunchScreen.storyboard */,
				5DC3E47E1BD99D2A00065358 /* Info.plist */,
				5D344D801BEAE1A700ECC31A /* The New Hero Tracker-Bridging-Header.h */,
			);
			path = "The New Hero Tracker";
			sourceTree = "<group>";
		};
		CD31D39D93898B476119F6B6 /* Frameworks */ = {
			isa = PBXGroup;
			children = (
				851C780C32857FF59404C045 /* libPods-The New Hero Tracker.a */,
			);
			name = Frameworks;
			sourceTree = "<group>";
		};
/* End PBXGroup section */

/* Begin PBXNativeTarget section */
		5DC3E46E1BD99D2900065358 /* The New Hero Tracker */ = {
			isa = PBXNativeTarget;
			buildConfigurationList = 5DC3E4811BD99D2A00065358 /* Build configuration list for PBXNativeTarget "The New Hero Tracker" */;
			buildPhases = (
				526EAFF499C5D52EC51056E7 /* Check Pods Manifest.lock */,
				5DC3E46B1BD99D2900065358 /* Sources */,
				5DC3E46C1BD99D2900065358 /* Frameworks */,
				5DC3E46D1BD99D2900065358 /* Resources */,
				2B59612E11EF033EAD98EAC5 /* Embed Pods Frameworks */,
				0095436CE2FE7179E56B34EE /* Copy Pods Resources */,
			);
			buildRules = (
			);
			dependencies = (
			);
			name = "The New Hero Tracker";
			productName = "The New Hero Tracker";
			productReference = 5DC3E46F1BD99D2900065358 /* The New Hero Tracker.app */;
			productType = "com.apple.product-type.application";
		};
/* End PBXNativeTarget section */

/* Begin PBXProject section */
		5DC3E4671BD99D2900065358 /* Project object */ = {
			isa = PBXProject;
			attributes = {
				LastSwiftUpdateCheck = 0710;
				LastUpgradeCheck = 0700;
				ORGANIZATIONNAME = "The Iron Yard";
				TargetAttributes = {
					5DC3E46E1BD99D2900065358 = {
						CreatedOnToolsVersion = 7.0.1;
					};
				};
			};
			buildConfigurationList = 5DC3E46A1BD99D2900065358 /* Build configuration list for PBXProject "The New Hero Tracker" */;
			compatibilityVersion = "Xcode 3.2";
			developmentRegion = English;
			hasScannedForEncodings = 0;
			knownRegions = (
				en,
				Base,
			);
			mainGroup = 5DC3E4661BD99D2900065358;
			productRefGroup = 5DC3E4701BD99D2900065358 /* Products */;
			projectDirPath = "";
			projectRoot = "";
			targets = (
				5DC3E46E1BD99D2900065358 /* The New Hero Tracker */,
			);
		};
/* End PBXProject section */

/* Begin PBXResourcesBuildPhase section */
		5DC3E46D1BD99D2900065358 /* Resources */ = {
			isa = PBXResourcesBuildPhase;
			buildActionMask = 2147483647;
			files = (
				5D344D8A1BEBABCA00ECC31A /* thor.jpg in Resources */,
				5DD45E931BDC9096006578D9 /* drax.jpg in Resources */,
				5D17861C1BFD228500B983D6 /* Black-Iron-Man.jpg in Resources */,
				5DD45E961BDC9096006578D9 /* groot.jpg in Resources */,
				5DD45E841BDC6EF4006578D9 /* DragonbonesBB_bold.ttf in Resources */,
				5DD45E921BDC9096006578D9 /* muscle-hulk.jpg in Resources */,
				5DC3E47D1BD99D2A00065358 /* LaunchScreen.storyboard in Resources */,
				5DD45E8F1BDC9096006578D9 /* gamora.jpg in Resources */,
				5DD45E8E1BDC9096006578D9 /* captain-america.jpg in Resources */,
				5DD45E901BDC9096006578D9 /* raccoon_rocket.jpg in Resources */,
				5DD45E831BDC6EF4006578D9 /* DragonbonesBB_reg.ttf in Resources */,
				5DC3E4891BD9B73E00065358 /* heroes.json in Resources */,
				5DD45E7C1BDAAF74006578D9 /* avengers.png in Resources */,
				5DD45E941BDC9096006578D9 /* starlord.jpg in Resources */,
				5D1786191BFD140000B983D6 /* Main.storyboard in Resources */,
				5DD45E821BDC6EF4006578D9 /* DragonbonesBB_ital.ttf in Resources */,
				5DC3E47A1BD99D2A00065358 /* Assets.xcassets in Resources */,
			);
			runOnlyForDeploymentPostprocessing = 0;
		};
/* End PBXResourcesBuildPhase section */

/* Begin PBXShellScriptBuildPhase section */
		0095436CE2FE7179E56B34EE /* Copy Pods Resources */ = {
			isa = PBXShellScriptBuildPhase;
			buildActionMask = 2147483647;
			files = (
			);
			inputPaths = (
			);
			name = "Copy Pods Resources";
			outputPaths = (
			);
			runOnlyForDeploymentPostprocessing = 0;
			shellPath = /bin/sh;
			shellScript = "\"${SRCROOT}/Pods/Target Support Files/Pods-The New Hero Tracker/Pods-The New Hero Tracker-resources.sh\"\n";
			showEnvVarsInLog = 0;
		};
		2B59612E11EF033EAD98EAC5 /* Embed Pods Frameworks */ = {
			isa = PBXShellScriptBuildPhase;
			buildActionMask = 2147483647;
			files = (
			);
			inputPaths = (
			);
			name = "Embed Pods Frameworks";
			outputPaths = (
			);
			runOnlyForDeploymentPostprocessing = 0;
			shellPath = /bin/sh;
			shellScript = "\"${SRCROOT}/Pods/Target Support Files/Pods-The New Hero Tracker/Pods-The New Hero Tracker-frameworks.sh\"\n";
			showEnvVarsInLog = 0;
		};
		526EAFF499C5D52EC51056E7 /* Check Pods Manifest.lock */ = {
			isa = PBXShellScriptBuildPhase;
			buildActionMask = 2147483647;
			files = (
			);
			inputPaths = (
			);
			name = "Check Pods Manifest.lock";
			outputPaths = (
			);
			runOnlyForDeploymentPostprocessing = 0;
			shellPath = /bin/sh;
			shellScript = "diff \"${PODS_ROOT}/../Podfile.lock\" \"${PODS_ROOT}/Manifest.lock\" > /dev/null\nif [[ $? != 0 ]] ; then\n    cat << EOM\nerror: The sandbox is not in sync with the Podfile.lock. Run 'pod install' or update your CocoaPods installation.\nEOM\n    exit 1\nfi\n";
			showEnvVarsInLog = 0;
		};
/* End PBXShellScriptBuildPhase section */

/* Begin PBXSourcesBuildPhase section */
		5DC3E46B1BD99D2900065358 /* Sources */ = {
			isa = PBXSourcesBuildPhase;
			buildActionMask = 2147483647;
			files = (
				5DC3E4731BD99D2900065358 /* AppDelegate.swift in Sources */,
				5D344D8E1BED698000ECC31A /* TipTableViewCell.swift in Sources */,
				5D344D881BEAF83100ECC31A /* RegisterViewController.swift in Sources */,
				5DD45E7E1BDC5DBC006578D9 /* HeroDetailViewController.swift in Sources */,
				5DC3E4851BD99D8600065358 /* TheHeroesTableViewController.swift in Sources */,
				5D344D841BEAF34800ECC31A /* LoginViewController.swift in Sources */,
				5DC3E4871BD9A45F00065358 /* Hero.swift in Sources */,
				5D344D8C1BED5F2D00ECC31A /* TipsTableViewController.swift in Sources */,
			);
			runOnlyForDeploymentPostprocessing = 0;
		};
/* End PBXSourcesBuildPhase section */

/* Begin PBXVariantGroup section */
		5DC3E47B1BD99D2A00065358 /* LaunchScreen.storyboard */ = {
			isa = PBXVariantGroup;
			children = (
				5DC3E47C1BD99D2A00065358 /* Base */,
			);
			name = LaunchScreen.storyboard;
			sourceTree = "<group>";
		};
/* End PBXVariantGroup section */

/* Begin XCBuildConfiguration section */
		5DC3E47F1BD99D2A00065358 /* Debug */ = {
			isa = XCBuildConfiguration;
			buildSettings = {
				ALWAYS_SEARCH_USER_PATHS = NO;
				CLANG_CXX_LANGUAGE_STANDARD = "gnu++0x";
				CLANG_CXX_LIBRARY = "libc++";
				CLANG_ENABLE_MODULES = YES;
				CLANG_ENABLE_OBJC_ARC = YES;
				CLANG_WARN_BOOL_CONVERSION = YES;
				CLANG_WARN_CONSTANT_CONVERSION = YES;
				CLANG_WARN_DIRECT_OBJC_ISA_USAGE = YES_ERROR;
				CLANG_WARN_EMPTY_BODY = YES;
				CLANG_WARN_ENUM_CONVERSION = YES;
				CLANG_WARN_INT_CONVERSION = YES;
				CLANG_WARN_OBJC_ROOT_CLASS = YES_ERROR;
				CLANG_WARN_UNREACHABLE_CODE = YES;
				CLANG_WARN__DUPLICATE_METHOD_MATCH = YES;
				"CODE_SIGN_IDENTITY[sdk=iphoneos*]" = "iPhone Developer";
				COPY_PHASE_STRIP = NO;
				DEBUG_INFORMATION_FORMAT = dwarf;
				ENABLE_STRICT_OBJC_MSGSEND = YES;
				ENABLE_TESTABILITY = YES;
				GCC_C_LANGUAGE_STANDARD = gnu99;
				GCC_DYNAMIC_NO_PIC = NO;
				GCC_NO_COMMON_BLOCKS = YES;
				GCC_OPTIMIZATION_LEVEL = 0;
				GCC_PREPROCESSOR_DEFINITIONS = (
					"DEBUG=1",
					"$(inherited)",
				);
				GCC_WARN_64_TO_32_BIT_CONVERSION = YES;
				GCC_WARN_ABOUT_RETURN_TYPE = YES_ERROR;
				GCC_WARN_UNDECLARED_SELECTOR = YES;
				GCC_WARN_UNINITIALIZED_AUTOS = YES_AGGRESSIVE;
				GCC_WARN_UNUSED_FUNCTION = YES;
				GCC_WARN_UNUSED_VARIABLE = YES;
				IPHONEOS_DEPLOYMENT_TARGET = 9.0;
				MTL_ENABLE_DEBUG_INFO = YES;
				ONLY_ACTIVE_ARCH = YES;
				SDKROOT = iphoneos;
				SWIFT_OPTIMIZATION_LEVEL = "-Onone";
				TARGETED_DEVICE_FAMILY = "1,2";
			};
			name = Debug;
		};
		5DC3E4801BD99D2A00065358 /* Release */ = {
			isa = XCBuildConfiguration;
			buildSettings = {
				ALWAYS_SEARCH_USER_PATHS = NO;
				CLANG_CXX_LANGUAGE_STANDARD = "gnu++0x";
				CLANG_CXX_LIBRARY = "libc++";
				CLANG_ENABLE_MODULES = YES;
				CLANG_ENABLE_OBJC_ARC = YES;
				CLANG_WARN_BOOL_CONVERSION = YES;
				CLANG_WARN_CONSTANT_CONVERSION = YES;
				CLANG_WARN_DIRECT_OBJC_ISA_USAGE = YES_ERROR;
				CLANG_WARN_EMPTY_BODY = YES;
				CLANG_WARN_ENUM_CONVERSION = YES;
				CLANG_WARN_INT_CONVERSION = YES;
				CLANG_WARN_OBJC_ROOT_CLASS = YES_ERROR;
				CLANG_WARN_UNREACHABLE_CODE = YES;
				CLANG_WARN__DUPLICATE_METHOD_MATCH = YES;
				"CODE_SIGN_IDENTITY[sdk=iphoneos*]" = "iPhone Developer";
				COPY_PHASE_STRIP = NO;
				DEBUG_INFORMATION_FORMAT = "dwarf-with-dsym";
				ENABLE_NS_ASSERTIONS = NO;
				ENABLE_STRICT_OBJC_MSGSEND = YES;
				GCC_C_LANGUAGE_STANDARD = gnu99;
				GCC_NO_COMMON_BLOCKS = YES;
				GCC_WARN_64_TO_32_BIT_CONVERSION = YES;
				GCC_WARN_ABOUT_RETURN_TYPE = YES_ERROR;
				GCC_WARN_UNDECLARED_SELECTOR = YES;
				GCC_WARN_UNINITIALIZED_AUTOS = YES_AGGRESSIVE;
				GCC_WARN_UNUSED_FUNCTION = YES;
				GCC_WARN_UNUSED_VARIABLE = YES;
				IPHONEOS_DEPLOYMENT_TARGET = 9.0;
				MTL_ENABLE_DEBUG_INFO = NO;
				SDKROOT = iphoneos;
				TARGETED_DEVICE_FAMILY = "1,2";
				VALIDATE_PRODUCT = YES;
			};
			name = Release;
		};
		5DC3E4821BD99D2A00065358 /* Debug */ = {
			isa = XCBuildConfiguration;
			baseConfigurationReference = 0C53E99B8894BC17797B1715 /* Pods-The New Hero Tracker.debug.xcconfig */;
			buildSettings = {
				ASSETCATALOG_COMPILER_APPICON_NAME = AppIcon;
				CLANG_ENABLE_MODULES = YES;
				INFOPLIST_FILE = "The New Hero Tracker/Info.plist";
				LD_RUNPATH_SEARCH_PATHS = "$(inherited) @executable_path/Frameworks";
				PRODUCT_BUNDLE_IDENTIFIER = "com.tiy.The-New-Hero-Tracker";
				PRODUCT_NAME = "$(TARGET_NAME)";
				SWIFT_OBJC_BRIDGING_HEADER = "The New Hero Tracker/The New Hero Tracker-Bridging-Header.h";
				SWIFT_OPTIMIZATION_LEVEL = "-Onone";
			};
			name = Debug;
		};
		5DC3E4831BD99D2A00065358 /* Release */ = {
			isa = XCBuildConfiguration;
			baseConfigurationReference = 4104D3DB134ECB99A1E4BD8F /* Pods-The New Hero Tracker.release.xcconfig */;
			buildSettings = {
				ASSETCATALOG_COMPILER_APPICON_NAME = AppIcon;
				CLANG_ENABLE_MODULES = YES;
				INFOPLIST_FILE = "The New Hero Tracker/Info.plist";
				LD_RUNPATH_SEARCH_PATHS = "$(inherited) @executable_path/Frameworks";
				PRODUCT_BUNDLE_IDENTIFIER = "com.tiy.The-New-Hero-Tracker";
				PRODUCT_NAME = "$(TARGET_NAME)";
				SWIFT_OBJC_BRIDGING_HEADER = "The New Hero Tracker/The New Hero Tracker-Bridging-Header.h";
			};
			name = Release;
		};
/* End XCBuildConfiguration section */

/* Begin XCConfigurationList section */
		5DC3E46A1BD99D2900065358 /* Build configuration list for PBXProject "The New Hero Tracker" */ = {
			isa = XCConfigurationList;
			buildConfigurations = (
				5DC3E47F1BD99D2A00065358 /* Debug */,
				5DC3E4801BD99D2A00065358 /* Release */,
			);
			defaultConfigurationIsVisible = 0;
			defaultConfigurationName = Release;
		};
		5DC3E4811BD99D2A00065358 /* Build configuration list for PBXNativeTarget "The New Hero Tracker" */ = {
			isa = XCConfigurationList;
			buildConfigurations = (
				5DC3E4821BD99D2A00065358 /* Debug */,
				5DC3E4831BD99D2A00065358 /* Release */,
			);
			defaultConfigurationIsVisible = 0;
			defaultConfigurationName = Release;
		};
/* End XCConfigurationList section */
	};
	rootObject = 5DC3E4671BD99D2900065358 /* Project object */;
}
