// !$*UTF8*$!
{
	archiveVersion = 1;
	classes = {
	};
	objectVersion = 46;
	objects = {

/* Begin PBXBuildFile section */
		5DA3FC251BCE90B900EAE9A9 /* AppDelegate.swift in Sources */ = {isa = PBXBuildFile; fileRef = 5DA3FC241BCE90B900EAE9A9 /* AppDelegate.swift */; };
		5DA3FC2A1BCE90B900EAE9A9 /* Main.storyboard in Resources */ = {isa = PBXBuildFile; fileRef = 5DA3FC281BCE90B900EAE9A9 /* Main.storyboard */; };
		5DA3FC2C1BCE90B900EAE9A9 /* Assets.xcassets in Resources */ = {isa = PBXBuildFile; fileRef = 5DA3FC2B1BCE90B900EAE9A9 /* Assets.xcassets */; };
		5DA3FC2F1BCE90B900EAE9A9 /* LaunchScreen.storyboard in Resources */ = {isa = PBXBuildFile; fileRef = 5DA3FC2D1BCE90B900EAE9A9 /* LaunchScreen.storyboard */; };
		5DA3FC3A1BCE90B900EAE9A9 /* ValidatorTests.swift in Sources */ = {isa = PBXBuildFile; fileRef = 5DA3FC391BCE90B900EAE9A9 /* ValidatorTests.swift */; };
		5DA3FC451BCE90B900EAE9A9 /* ValidatorUITests.swift in Sources */ = {isa = PBXBuildFile; fileRef = 5DA3FC441BCE90B900EAE9A9 /* ValidatorUITests.swift */; };
		5DA3FC531BCE914C00EAE9A9 /* FormTableViewController.swift in Sources */ = {isa = PBXBuildFile; fileRef = 5DA3FC521BCE914C00EAE9A9 /* FormTableViewController.swift */; settings = {ASSET_TAGS = (); }; };
		5DA3FC551BCEA82A00EAE9A9 /* Validator.swift in Sources */ = {isa = PBXBuildFile; fileRef = 5DA3FC541BCEA82A00EAE9A9 /* Validator.swift */; settings = {ASSET_TAGS = (); }; };
/* End PBXBuildFile section */

/* Begin PBXContainerItemProxy section */
		5DA3FC361BCE90B900EAE9A9 /* PBXContainerItemProxy */ = {
			isa = PBXContainerItemProxy;
			containerPortal = 5DA3FC191BCE90B900EAE9A9 /* Project object */;
			proxyType = 1;
			remoteGlobalIDString = 5DA3FC201BCE90B900EAE9A9;
			remoteInfo = Validator;
		};
		5DA3FC411BCE90B900EAE9A9 /* PBXContainerItemProxy */ = {
			isa = PBXContainerItemProxy;
			containerPortal = 5DA3FC191BCE90B900EAE9A9 /* Project object */;
			proxyType = 1;
			remoteGlobalIDString = 5DA3FC201BCE90B900EAE9A9;
			remoteInfo = Validator;
		};
/* End PBXContainerItemProxy section */

/* Begin PBXFileReference section */
		5DA3FC211BCE90B900EAE9A9 /* Validator.app */ = {isa = PBXFileReference; explicitFileType = wrapper.application; includeInIndex = 0; path = Validator.app; sourceTree = BUILT_PRODUCTS_DIR; };
		5DA3FC241BCE90B900EAE9A9 /* AppDelegate.swift */ = {isa = PBXFileReference; lastKnownFileType = sourcecode.swift; path = AppDelegate.swift; sourceTree = "<group>"; };
		5DA3FC291BCE90B900EAE9A9 /* Base */ = {isa = PBXFileReference; lastKnownFileType = file.storyboard; name = Base; path = Base.lproj/Main.storyboard; sourceTree = "<group>"; };
		5DA3FC2B1BCE90B900EAE9A9 /* Assets.xcassets */ = {isa = PBXFileReference; lastKnownFileType = folder.assetcatalog; path = Assets.xcassets; sourceTree = "<group>"; };
		5DA3FC2E1BCE90B900EAE9A9 /* Base */ = {isa = PBXFileReference; lastKnownFileType = file.storyboard; name = Base; path = Base.lproj/LaunchScreen.storyboard; sourceTree = "<group>"; };
		5DA3FC301BCE90B900EAE9A9 /* Info.plist */ = {isa = PBXFileReference; lastKnownFileType = text.plist.xml; path = Info.plist; sourceTree = "<group>"; };
		5DA3FC351BCE90B900EAE9A9 /* ValidatorTests.xctest */ = {isa = PBXFileReference; explicitFileType = wrapper.cfbundle; includeInIndex = 0; path = ValidatorTests.xctest; sourceTree = BUILT_PRODUCTS_DIR; };
		5DA3FC391BCE90B900EAE9A9 /* ValidatorTests.swift */ = {isa = PBXFileReference; lastKnownFileType = sourcecode.swift; path = ValidatorTests.swift; sourceTree = "<group>"; };
		5DA3FC3B1BCE90B900EAE9A9 /* Info.plist */ = {isa = PBXFileReference; lastKnownFileType = text.plist.xml; path = Info.plist; sourceTree = "<group>"; };
		5DA3FC401BCE90B900EAE9A9 /* ValidatorUITests.xctest */ = {isa = PBXFileReference; explicitFileType = wrapper.cfbundle; includeInIndex = 0; path = ValidatorUITests.xctest; sourceTree = BUILT_PRODUCTS_DIR; };
		5DA3FC441BCE90B900EAE9A9 /* ValidatorUITests.swift */ = {isa = PBXFileReference; lastKnownFileType = sourcecode.swift; path = ValidatorUITests.swift; sourceTree = "<group>"; };
		5DA3FC461BCE90B900EAE9A9 /* Info.plist */ = {isa = PBXFileReference; lastKnownFileType = text.plist.xml; path = Info.plist; sourceTree = "<group>"; };
		5DA3FC521BCE914C00EAE9A9 /* FormTableViewController.swift */ = {isa = PBXFileReference; fileEncoding = 4; lastKnownFileType = sourcecode.swift; path = FormTableViewController.swift; sourceTree = "<group>"; };
		5DA3FC541BCEA82A00EAE9A9 /* Validator.swift */ = {isa = PBXFileReference; fileEncoding = 4; lastKnownFileType = sourcecode.swift; path = Validator.swift; sourceTree = "<group>"; };
/* End PBXFileReference section */

/* Begin PBXFrameworksBuildPhase section */
		5DA3FC1E1BCE90B900EAE9A9 /* Frameworks */ = {
			isa = PBXFrameworksBuildPhase;
			buildActionMask = 2147483647;
			files = (
			);
			runOnlyForDeploymentPostprocessing = 0;
		};
		5DA3FC321BCE90B900EAE9A9 /* Frameworks */ = {
			isa = PBXFrameworksBuildPhase;
			buildActionMask = 2147483647;
			files = (
			);
			runOnlyForDeploymentPostprocessing = 0;
		};
		5DA3FC3D1BCE90B900EAE9A9 /* Frameworks */ = {
			isa = PBXFrameworksBuildPhase;
			buildActionMask = 2147483647;
			files = (
			);
			runOnlyForDeploymentPostprocessing = 0;
		};
/* End PBXFrameworksBuildPhase section */

/* Begin PBXGroup section */
		5DA3FC181BCE90B900EAE9A9 = {
			isa = PBXGroup;
			children = (
				5DA3FC231BCE90B900EAE9A9 /* Validator */,
				5DA3FC381BCE90B900EAE9A9 /* ValidatorTests */,
				5DA3FC431BCE90B900EAE9A9 /* ValidatorUITests */,
				5DA3FC221BCE90B900EAE9A9 /* Products */,
			);
			sourceTree = "<group>";
		};
		5DA3FC221BCE90B900EAE9A9 /* Products */ = {
			isa = PBXGroup;
			children = (
				5DA3FC211BCE90B900EAE9A9 /* Validator.app */,
				5DA3FC351BCE90B900EAE9A9 /* ValidatorTests.xctest */,
				5DA3FC401BCE90B900EAE9A9 /* ValidatorUITests.xctest */,
			);
			name = Products;
			sourceTree = "<group>";
		};
		5DA3FC231BCE90B900EAE9A9 /* Validator */ = {
			isa = PBXGroup;
			children = (
				5DA3FC241BCE90B900EAE9A9 /* AppDelegate.swift */,
				5DA3FC521BCE914C00EAE9A9 /* FormTableViewController.swift */,
				5DA3FC541BCEA82A00EAE9A9 /* Validator.swift */,
				5DA3FC281BCE90B900EAE9A9 /* Main.storyboard */,
				5DA3FC2B1BCE90B900EAE9A9 /* Assets.xcassets */,
				5DA3FC2D1BCE90B900EAE9A9 /* LaunchScreen.storyboard */,
				5DA3FC301BCE90B900EAE9A9 /* Info.plist */,
			);
			path = Validator;
			sourceTree = "<group>";
		};
		5DA3FC381BCE90B900EAE9A9 /* ValidatorTests */ = {
			isa = PBXGroup;
			children = (
				5DA3FC391BCE90B900EAE9A9 /* ValidatorTests.swift */,
				5DA3FC3B1BCE90B900EAE9A9 /* Info.plist */,
			);
			path = ValidatorTests;
			sourceTree = "<group>";
		};
		5DA3FC431BCE90B900EAE9A9 /* ValidatorUITests */ = {
			isa = PBXGroup;
			children = (
				5DA3FC441BCE90B900EAE9A9 /* ValidatorUITests.swift */,
				5DA3FC461BCE90B900EAE9A9 /* Info.plist */,
			);
			path = ValidatorUITests;
			sourceTree = "<group>";
		};
/* End PBXGroup section */

/* Begin PBXNativeTarget section */
		5DA3FC201BCE90B900EAE9A9 /* Validator */ = {
			isa = PBXNativeTarget;
			buildConfigurationList = 5DA3FC491BCE90BA00EAE9A9 /* Build configuration list for PBXNativeTarget "Validator" */;
			buildPhases = (
				5DA3FC1D1BCE90B900EAE9A9 /* Sources */,
				5DA3FC1E1BCE90B900EAE9A9 /* Frameworks */,
				5DA3FC1F1BCE90B900EAE9A9 /* Resources */,
			);
			buildRules = (
			);
			dependencies = (
			);
			name = Validator;
			productName = Validator;
			productReference = 5DA3FC211BCE90B900EAE9A9 /* Validator.app */;
			productType = "com.apple.product-type.application";
		};
		5DA3FC341BCE90B900EAE9A9 /* ValidatorTests */ = {
			isa = PBXNativeTarget;
			buildConfigurationList = 5DA3FC4C1BCE90BA00EAE9A9 /* Build configuration list for PBXNativeTarget "ValidatorTests" */;
			buildPhases = (
				5DA3FC311BCE90B900EAE9A9 /* Sources */,
				5DA3FC321BCE90B900EAE9A9 /* Frameworks */,
				5DA3FC331BCE90B900EAE9A9 /* Resources */,
			);
			buildRules = (
			);
			dependencies = (
				5DA3FC371BCE90B900EAE9A9 /* PBXTargetDependency */,
			);
			name = ValidatorTests;
			productName = ValidatorTests;
			productReference = 5DA3FC351BCE90B900EAE9A9 /* ValidatorTests.xctest */;
			productType = "com.apple.product-type.bundle.unit-test";
		};
		5DA3FC3F1BCE90B900EAE9A9 /* ValidatorUITests */ = {
			isa = PBXNativeTarget;
			buildConfigurationList = 5DA3FC4F1BCE90BA00EAE9A9 /* Build configuration list for PBXNativeTarget "ValidatorUITests" */;
			buildPhases = (
				5DA3FC3C1BCE90B900EAE9A9 /* Sources */,
				5DA3FC3D1BCE90B900EAE9A9 /* Frameworks */,
				5DA3FC3E1BCE90B900EAE9A9 /* Resources */,
			);
			buildRules = (
			);
			dependencies = (
				5DA3FC421BCE90B900EAE9A9 /* PBXTargetDependency */,
			);
			name = ValidatorUITests;
			productName = ValidatorUITests;
			productReference = 5DA3FC401BCE90B900EAE9A9 /* ValidatorUITests.xctest */;
			productType = "com.apple.product-type.bundle.ui-testing";
		};
/* End PBXNativeTarget section */

/* Begin PBXProject section */
		5DA3FC191BCE90B900EAE9A9 /* Project object */ = {
			isa = PBXProject;
			attributes = {
				LastUpgradeCheck = 0700;
				ORGANIZATIONNAME = "The Iron Yard";
				TargetAttributes = {
					5DA3FC201BCE90B900EAE9A9 = {
						CreatedOnToolsVersion = 7.0.1;
					};
					5DA3FC341BCE90B900EAE9A9 = {
						CreatedOnToolsVersion = 7.0.1;
						TestTargetID = 5DA3FC201BCE90B900EAE9A9;
					};
					5DA3FC3F1BCE90B900EAE9A9 = {
						CreatedOnToolsVersion = 7.0.1;
						TestTargetID = 5DA3FC201BCE90B900EAE9A9;
					};
				};
			};
			buildConfigurationList = 5DA3FC1C1BCE90B900EAE9A9 /* Build configuration list for PBXProject "Validator" */;
			compatibilityVersion = "Xcode 3.2";
			developmentRegion = English;
			hasScannedForEncodings = 0;
			knownRegions = (
				en,
				Base,
			);
			mainGroup = 5DA3FC181BCE90B900EAE9A9;
			productRefGroup = 5DA3FC221BCE90B900EAE9A9 /* Products */;
			projectDirPath = "";
			projectRoot = "";
			targets = (
				5DA3FC201BCE90B900EAE9A9 /* Validator */,
				5DA3FC341BCE90B900EAE9A9 /* ValidatorTests */,
				5DA3FC3F1BCE90B900EAE9A9 /* ValidatorUITests */,
			);
		};
/* End PBXProject section */

/* Begin PBXResourcesBuildPhase section */
		5DA3FC1F1BCE90B900EAE9A9 /* Resources */ = {
			isa = PBXResourcesBuildPhase;
			buildActionMask = 2147483647;
			files = (
				5DA3FC2F1BCE90B900EAE9A9 /* LaunchScreen.storyboard in Resources */,
				5DA3FC2C1BCE90B900EAE9A9 /* Assets.xcassets in Resources */,
				5DA3FC2A1BCE90B900EAE9A9 /* Main.storyboard in Resources */,
			);
			runOnlyForDeploymentPostprocessing = 0;
		};
		5DA3FC331BCE90B900EAE9A9 /* Resources */ = {
			isa = PBXResourcesBuildPhase;
			buildActionMask = 2147483647;
			files = (
			);
			runOnlyForDeploymentPostprocessing = 0;
		};
		5DA3FC3E1BCE90B900EAE9A9 /* Resources */ = {
			isa = PBXResourcesBuildPhase;
			buildActionMask = 2147483647;
			files = (
			);
			runOnlyForDeploymentPostprocessing = 0;
		};
/* End PBXResourcesBuildPhase section */

/* Begin PBXSourcesBuildPhase section */
		5DA3FC1D1BCE90B900EAE9A9 /* Sources */ = {
			isa = PBXSourcesBuildPhase;
			buildActionMask = 2147483647;
			files = (
				5DA3FC251BCE90B900EAE9A9 /* AppDelegate.swift in Sources */,
				5DA3FC551BCEA82A00EAE9A9 /* Validator.swift in Sources */,
				5DA3FC531BCE914C00EAE9A9 /* FormTableViewController.swift in Sources */,
			);
			runOnlyForDeploymentPostprocessing = 0;
		};
		5DA3FC311BCE90B900EAE9A9 /* Sources */ = {
			isa = PBXSourcesBuildPhase;
			buildActionMask = 2147483647;
			files = (
				5DA3FC3A1BCE90B900EAE9A9 /* ValidatorTests.swift in Sources */,
			);
			runOnlyForDeploymentPostprocessing = 0;
		};
		5DA3FC3C1BCE90B900EAE9A9 /* Sources */ = {
			isa = PBXSourcesBuildPhase;
			buildActionMask = 2147483647;
			files = (
				5DA3FC451BCE90B900EAE9A9 /* ValidatorUITests.swift in Sources */,
			);
			runOnlyForDeploymentPostprocessing = 0;
		};
/* End PBXSourcesBuildPhase section */

/* Begin PBXTargetDependency section */
		5DA3FC371BCE90B900EAE9A9 /* PBXTargetDependency */ = {
			isa = PBXTargetDependency;
			target = 5DA3FC201BCE90B900EAE9A9 /* Validator */;
			targetProxy = 5DA3FC361BCE90B900EAE9A9 /* PBXContainerItemProxy */;
		};
		5DA3FC421BCE90B900EAE9A9 /* PBXTargetDependency */ = {
			isa = PBXTargetDependency;
			target = 5DA3FC201BCE90B900EAE9A9 /* Validator */;
			targetProxy = 5DA3FC411BCE90B900EAE9A9 /* PBXContainerItemProxy */;
		};
/* End PBXTargetDependency section */

/* Begin PBXVariantGroup section */
		5DA3FC281BCE90B900EAE9A9 /* Main.storyboard */ = {
			isa = PBXVariantGroup;
			children = (
				5DA3FC291BCE90B900EAE9A9 /* Base */,
			);
			name = Main.storyboard;
			sourceTree = "<group>";
		};
		5DA3FC2D1BCE90B900EAE9A9 /* LaunchScreen.storyboard */ = {
			isa = PBXVariantGroup;
			children = (
				5DA3FC2E1BCE90B900EAE9A9 /* Base */,
			);
			name = LaunchScreen.storyboard;
			sourceTree = "<group>";
		};
/* End PBXVariantGroup section */

/* Begin XCBuildConfiguration section */
		5DA3FC471BCE90BA00EAE9A9 /* Debug */ = {
			isa = XCBuildConfiguration;
			buildSettings = {
				ALWAYS_SEARCH_USER_PATHS = NO;
				CLANG_CXX_LANGUAGE_STANDARD = "gnu++0x";
				CLANG_CXX_LIBRARY = "libc++";
				CLANG_ENABLE_MODULES = YES;
				CLANG_ENABLE_OBJC_ARC = YES;
				CLANG_WARN_BOOL_CONVERSION = YES;
				CLANG_WARN_CONSTANT_CONVERSION = YES;
				CLANG_WARN_DIRECT_OBJC_ISA_USAGE = YES_ERROR;
				CLANG_WARN_EMPTY_BODY = YES;
				CLANG_WARN_ENUM_CONVERSION = YES;
				CLANG_WARN_INT_CONVERSION = YES;
				CLANG_WARN_OBJC_ROOT_CLASS = YES_ERROR;
				CLANG_WARN_UNREACHABLE_CODE = YES;
				CLANG_WARN__DUPLICATE_METHOD_MATCH = YES;
				"CODE_SIGN_IDENTITY[sdk=iphoneos*]" = "iPhone Developer";
				COPY_PHASE_STRIP = NO;
				DEBUG_INFORMATION_FORMAT = dwarf;
				ENABLE_STRICT_OBJC_MSGSEND = YES;
				ENABLE_TESTABILITY = YES;
				GCC_C_LANGUAGE_STANDARD = gnu99;
				GCC_DYNAMIC_NO_PIC = NO;
				GCC_NO_COMMON_BLOCKS = YES;
				GCC_OPTIMIZATION_LEVEL = 0;
				GCC_PREPROCESSOR_DEFINITIONS = (
					"DEBUG=1",
					"$(inherited)",
				);
				GCC_WARN_64_TO_32_BIT_CONVERSION = YES;
				GCC_WARN_ABOUT_RETURN_TYPE = YES_ERROR;
				GCC_WARN_UNDECLARED_SELECTOR = YES;
				GCC_WARN_UNINITIALIZED_AUTOS = YES_AGGRESSIVE;
				GCC_WARN_UNUSED_FUNCTION = YES;
				GCC_WARN_UNUSED_VARIABLE = YES;
				IPHONEOS_DEPLOYMENT_TARGET = 9.0;
				MTL_ENABLE_DEBUG_INFO = YES;
				ONLY_ACTIVE_ARCH = YES;
				SDKROOT = iphoneos;
				SWIFT_OPTIMIZATION_LEVEL = "-Onone";
			};
			name = Debug;
		};
		5DA3FC481BCE90BA00EAE9A9 /* Release */ = {
			isa = XCBuildConfiguration;
			buildSettings = {
				ALWAYS_SEARCH_USER_PATHS = NO;
				CLANG_CXX_LANGUAGE_STANDARD = "gnu++0x";
				CLANG_CXX_LIBRARY = "libc++";
				CLANG_ENABLE_MODULES = YES;
				CLANG_ENABLE_OBJC_ARC = YES;
				CLANG_WARN_BOOL_CONVERSION = YES;
				CLANG_WARN_CONSTANT_CONVERSION = YES;
				CLANG_WARN_DIRECT_OBJC_ISA_USAGE = YES_ERROR;
				CLANG_WARN_EMPTY_BODY = YES;
				CLANG_WARN_ENUM_CONVERSION = YES;
				CLANG_WARN_INT_CONVERSION = YES;
				CLANG_WARN_OBJC_ROOT_CLASS = YES_ERROR;
				CLANG_WARN_UNREACHABLE_CODE = YES;
				CLANG_WARN__DUPLICATE_METHOD_MATCH = YES;
				"CODE_SIGN_IDENTITY[sdk=iphoneos*]" = "iPhone Developer";
				COPY_PHASE_STRIP = NO;
				DEBUG_INFORMATION_FORMAT = "dwarf-with-dsym";
				ENABLE_NS_ASSERTIONS = NO;
				ENABLE_STRICT_OBJC_MSGSEND = YES;
				GCC_C_LANGUAGE_STANDARD = gnu99;
				GCC_NO_COMMON_BLOCKS = YES;
				GCC_WARN_64_TO_32_BIT_CONVERSION = YES;
				GCC_WARN_ABOUT_RETURN_TYPE = YES_ERROR;
				GCC_WARN_UNDECLARED_SELECTOR = YES;
				GCC_WARN_UNINITIALIZED_AUTOS = YES_AGGRESSIVE;
				GCC_WARN_UNUSED_FUNCTION = YES;
				GCC_WARN_UNUSED_VARIABLE = YES;
				IPHONEOS_DEPLOYMENT_TARGET = 9.0;
				MTL_ENABLE_DEBUG_INFO = NO;
				SDKROOT = iphoneos;
				VALIDATE_PRODUCT = YES;
			};
			name = Release;
		};
		5DA3FC4A1BCE90BA00EAE9A9 /* Debug */ = {
			isa = XCBuildConfiguration;
			buildSettings = {
				ASSETCATALOG_COMPILER_APPICON_NAME = AppIcon;
				INFOPLIST_FILE = Validator/Info.plist;
				LD_RUNPATH_SEARCH_PATHS = "$(inherited) @executable_path/Frameworks";
				PRODUCT_BUNDLE_IDENTIFIER = com.tiy.Validator;
				PRODUCT_NAME = "$(TARGET_NAME)";
			};
			name = Debug;
		};
		5DA3FC4B1BCE90BA00EAE9A9 /* Release */ = {
			isa = XCBuildConfiguration;
			buildSettings = {
				ASSETCATALOG_COMPILER_APPICON_NAME = AppIcon;
				INFOPLIST_FILE = Validator/Info.plist;
				LD_RUNPATH_SEARCH_PATHS = "$(inherited) @executable_path/Frameworks";
				PRODUCT_BUNDLE_IDENTIFIER = com.tiy.Validator;
				PRODUCT_NAME = "$(TARGET_NAME)";
			};
			name = Release;
		};
		5DA3FC4D1BCE90BA00EAE9A9 /* Debug */ = {
			isa = XCBuildConfiguration;
			buildSettings = {
				BUNDLE_LOADER = "$(TEST_HOST)";
				INFOPLIST_FILE = ValidatorTests/Info.plist;
				LD_RUNPATH_SEARCH_PATHS = "$(inherited) @executable_path/Frameworks @loader_path/Frameworks";
				PRODUCT_BUNDLE_IDENTIFIER = com.tiy.ValidatorTests;
				PRODUCT_NAME = "$(TARGET_NAME)";
				TEST_HOST = "$(BUILT_PRODUCTS_DIR)/Validator.app/Validator";
			};
			name = Debug;
		};
		5DA3FC4E1BCE90BA00EAE9A9 /* Release */ = {
			isa = XCBuildConfiguration;
			buildSettings = {
				BUNDLE_LOADER = "$(TEST_HOST)";
				INFOPLIST_FILE = ValidatorTests/Info.plist;
				LD_RUNPATH_SEARCH_PATHS = "$(inherited) @executable_path/Frameworks @loader_path/Frameworks";
				PRODUCT_BUNDLE_IDENTIFIER = com.tiy.ValidatorTests;
				PRODUCT_NAME = "$(TARGET_NAME)";
				TEST_HOST = "$(BUILT_PRODUCTS_DIR)/Validator.app/Validator";
			};
			name = Release;
		};
		5DA3FC501BCE90BA00EAE9A9 /* Debug */ = {
			isa = XCBuildConfiguration;
			buildSettings = {
				INFOPLIST_FILE = ValidatorUITests/Info.plist;
				LD_RUNPATH_SEARCH_PATHS = "$(inherited) @executable_path/Frameworks @loader_path/Frameworks";
				PRODUCT_BUNDLE_IDENTIFIER = com.tiy.ValidatorUITests;
				PRODUCT_NAME = "$(TARGET_NAME)";
				TEST_TARGET_NAME = Validator;
				USES_XCTRUNNER = YES;
			};
			name = Debug;
		};
		5DA3FC511BCE90BA00EAE9A9 /* Release */ = {
			isa = XCBuildConfiguration;
			buildSettings = {
				INFOPLIST_FILE = ValidatorUITests/Info.plist;
				LD_RUNPATH_SEARCH_PATHS = "$(inherited) @executable_path/Frameworks @loader_path/Frameworks";
				PRODUCT_BUNDLE_IDENTIFIER = com.tiy.ValidatorUITests;
				PRODUCT_NAME = "$(TARGET_NAME)";
				TEST_TARGET_NAME = Validator;
				USES_XCTRUNNER = YES;
			};
			name = Release;
		};
/* End XCBuildConfiguration section */

/* Begin XCConfigurationList section */
		5DA3FC1C1BCE90B900EAE9A9 /* Build configuration list for PBXProject "Validator" */ = {
			isa = XCConfigurationList;
			buildConfigurations = (
				5DA3FC471BCE90BA00EAE9A9 /* Debug */,
				5DA3FC481BCE90BA00EAE9A9 /* Release */,
			);
			defaultConfigurationIsVisible = 0;
			defaultConfigurationName = Release;
		};
		5DA3FC491BCE90BA00EAE9A9 /* Build configuration list for PBXNativeTarget "Validator" */ = {
			isa = XCConfigurationList;
			buildConfigurations = (
				5DA3FC4A1BCE90BA00EAE9A9 /* Debug */,
				5DA3FC4B1BCE90BA00EAE9A9 /* Release */,
			);
			defaultConfigurationIsVisible = 0;
		};
		5DA3FC4C1BCE90BA00EAE9A9 /* Build configuration list for PBXNativeTarget "ValidatorTests" */ = {
			isa = XCConfigurationList;
			buildConfigurations = (
				5DA3FC4D1BCE90BA00EAE9A9 /* Debug */,
				5DA3FC4E1BCE90BA00EAE9A9 /* Release */,
			);
			defaultConfigurationIsVisible = 0;
		};
		5DA3FC4F1BCE90BA00EAE9A9 /* Build configuration list for PBXNativeTarget "ValidatorUITests" */ = {
			isa = XCConfigurationList;
			buildConfigurations = (
				5DA3FC501BCE90BA00EAE9A9 /* Debug */,
				5DA3FC511BCE90BA00EAE9A9 /* Release */,
			);
			defaultConfigurationIsVisible = 0;
		};
/* End XCConfigurationList section */
	};
	rootObject = 5DA3FC191BCE90B900EAE9A9 /* Project object */;
}
