// !$*UTF8*$!
{
	archiveVersion = 1;
	classes = {
	};
	objectVersion = 46;
	objects = {

/* Begin PBXBuildFile section */
		5D1E23D71BC5BDD700EBAAAD /* AppDelegate.swift in Sources */ = {isa = PBXBuildFile; fileRef = 5D1E23D61BC5BDD700EBAAAD /* AppDelegate.swift */; };
		5D1E23D91BC5BDD700EBAAAD /* MissionBriefingViewControler.swift in Sources */ = {isa = PBXBuildFile; fileRef = 5D1E23D81BC5BDD700EBAAAD /* MissionBriefingViewControler.swift */; };
		5D1E23DC1BC5BDD700EBAAAD /* Main.storyboard in Resources */ = {isa = PBXBuildFile; fileRef = 5D1E23DA1BC5BDD700EBAAAD /* Main.storyboard */; };
		5D1E23DE1BC5BDD700EBAAAD /* Assets.xcassets in Resources */ = {isa = PBXBuildFile; fileRef = 5D1E23DD1BC5BDD700EBAAAD /* Assets.xcassets */; };
		5D1E23E11BC5BDD700EBAAAD /* LaunchScreen.storyboard in Resources */ = {isa = PBXBuildFile; fileRef = 5D1E23DF1BC5BDD700EBAAAD /* LaunchScreen.storyboard */; };
		5D1E23EC1BC5BDD700EBAAAD /* Mission_BriefingTests.swift in Sources */ = {isa = PBXBuildFile; fileRef = 5D1E23EB1BC5BDD700EBAAAD /* Mission_BriefingTests.swift */; };
		5D1E23F71BC5BDD700EBAAAD /* Mission_BriefingUITests.swift in Sources */ = {isa = PBXBuildFile; fileRef = 5D1E23F61BC5BDD700EBAAAD /* Mission_BriefingUITests.swift */; };
/* End PBXBuildFile section */

/* Begin PBXContainerItemProxy section */
		5D1E23E81BC5BDD700EBAAAD /* PBXContainerItemProxy */ = {
			isa = PBXContainerItemProxy;
			containerPortal = 5D1E23CB1BC5BDD700EBAAAD /* Project object */;
			proxyType = 1;
			remoteGlobalIDString = 5D1E23D21BC5BDD700EBAAAD;
			remoteInfo = "Mission Briefing";
		};
		5D1E23F31BC5BDD700EBAAAD /* PBXContainerItemProxy */ = {
			isa = PBXContainerItemProxy;
			containerPortal = 5D1E23CB1BC5BDD700EBAAAD /* Project object */;
			proxyType = 1;
			remoteGlobalIDString = 5D1E23D21BC5BDD700EBAAAD;
			remoteInfo = "Mission Briefing";
		};
/* End PBXContainerItemProxy section */

/* Begin PBXFileReference section */
		5D1E23D31BC5BDD700EBAAAD /* Mission Briefing.app */ = {isa = PBXFileReference; explicitFileType = wrapper.application; includeInIndex = 0; path = "Mission Briefing.app"; sourceTree = BUILT_PRODUCTS_DIR; };
		5D1E23D61BC5BDD700EBAAAD /* AppDelegate.swift */ = {isa = PBXFileReference; lastKnownFileType = sourcecode.swift; path = AppDelegate.swift; sourceTree = "<group>"; };
		5D1E23D81BC5BDD700EBAAAD /* MissionBriefingViewControler.swift */ = {isa = PBXFileReference; lastKnownFileType = sourcecode.swift; path = MissionBriefingViewControler.swift; sourceTree = "<group>"; };
		5D1E23DB1BC5BDD700EBAAAD /* Base */ = {isa = PBXFileReference; lastKnownFileType = file.storyboard; name = Base; path = Base.lproj/Main.storyboard; sourceTree = "<group>"; };
		5D1E23DD1BC5BDD700EBAAAD /* Assets.xcassets */ = {isa = PBXFileReference; lastKnownFileType = folder.assetcatalog; path = Assets.xcassets; sourceTree = "<group>"; };
		5D1E23E01BC5BDD700EBAAAD /* Base */ = {isa = PBXFileReference; lastKnownFileType = file.storyboard; name = Base; path = Base.lproj/LaunchScreen.storyboard; sourceTree = "<group>"; };
		5D1E23E21BC5BDD700EBAAAD /* Info.plist */ = {isa = PBXFileReference; lastKnownFileType = text.plist.xml; path = Info.plist; sourceTree = "<group>"; };
		5D1E23E71BC5BDD700EBAAAD /* Mission BriefingTests.xctest */ = {isa = PBXFileReference; explicitFileType = wrapper.cfbundle; includeInIndex = 0; path = "Mission BriefingTests.xctest"; sourceTree = BUILT_PRODUCTS_DIR; };
		5D1E23EB1BC5BDD700EBAAAD /* Mission_BriefingTests.swift */ = {isa = PBXFileReference; lastKnownFileType = sourcecode.swift; path = Mission_BriefingTests.swift; sourceTree = "<group>"; };
		5D1E23ED1BC5BDD700EBAAAD /* Info.plist */ = {isa = PBXFileReference; lastKnownFileType = text.plist.xml; path = Info.plist; sourceTree = "<group>"; };
		5D1E23F21BC5BDD700EBAAAD /* Mission BriefingUITests.xctest */ = {isa = PBXFileReference; explicitFileType = wrapper.cfbundle; includeInIndex = 0; path = "Mission BriefingUITests.xctest"; sourceTree = BUILT_PRODUCTS_DIR; };
		5D1E23F61BC5BDD700EBAAAD /* Mission_BriefingUITests.swift */ = {isa = PBXFileReference; lastKnownFileType = sourcecode.swift; path = Mission_BriefingUITests.swift; sourceTree = "<group>"; };
		5D1E23F81BC5BDD700EBAAAD /* Info.plist */ = {isa = PBXFileReference; lastKnownFileType = text.plist.xml; path = Info.plist; sourceTree = "<group>"; };
/* End PBXFileReference section */

/* Begin PBXFrameworksBuildPhase section */
		5D1E23D01BC5BDD700EBAAAD /* Frameworks */ = {
			isa = PBXFrameworksBuildPhase;
			buildActionMask = 2147483647;
			files = (
			);
			runOnlyForDeploymentPostprocessing = 0;
		};
		5D1E23E41BC5BDD700EBAAAD /* Frameworks */ = {
			isa = PBXFrameworksBuildPhase;
			buildActionMask = 2147483647;
			files = (
			);
			runOnlyForDeploymentPostprocessing = 0;
		};
		5D1E23EF1BC5BDD700EBAAAD /* Frameworks */ = {
			isa = PBXFrameworksBuildPhase;
			buildActionMask = 2147483647;
			files = (
			);
			runOnlyForDeploymentPostprocessing = 0;
		};
/* End PBXFrameworksBuildPhase section */

/* Begin PBXGroup section */
		5D1E23CA1BC5BDD700EBAAAD = {
			isa = PBXGroup;
			children = (
				5D1E23D51BC5BDD700EBAAAD /* Mission Briefing */,
				5D1E23EA1BC5BDD700EBAAAD /* Mission BriefingTests */,
				5D1E23F51BC5BDD700EBAAAD /* Mission BriefingUITests */,
				5D1E23D41BC5BDD700EBAAAD /* Products */,
			);
			sourceTree = "<group>";
		};
		5D1E23D41BC5BDD700EBAAAD /* Products */ = {
			isa = PBXGroup;
			children = (
				5D1E23D31BC5BDD700EBAAAD /* Mission Briefing.app */,
				5D1E23E71BC5BDD700EBAAAD /* Mission BriefingTests.xctest */,
				5D1E23F21BC5BDD700EBAAAD /* Mission BriefingUITests.xctest */,
			);
			name = Products;
			sourceTree = "<group>";
		};
		5D1E23D51BC5BDD700EBAAAD /* Mission Briefing */ = {
			isa = PBXGroup;
			children = (
				5D1E23D61BC5BDD700EBAAAD /* AppDelegate.swift */,
				5D1E23D81BC5BDD700EBAAAD /* MissionBriefingViewControler.swift */,
				5D1E23DA1BC5BDD700EBAAAD /* Main.storyboard */,
				5D1E23DD1BC5BDD700EBAAAD /* Assets.xcassets */,
				5D1E23DF1BC5BDD700EBAAAD /* LaunchScreen.storyboard */,
				5D1E23E21BC5BDD700EBAAAD /* Info.plist */,
			);
			path = "Mission Briefing";
			sourceTree = "<group>";
		};
		5D1E23EA1BC5BDD700EBAAAD /* Mission BriefingTests */ = {
			isa = PBXGroup;
			children = (
				5D1E23EB1BC5BDD700EBAAAD /* Mission_BriefingTests.swift */,
				5D1E23ED1BC5BDD700EBAAAD /* Info.plist */,
			);
			path = "Mission BriefingTests";
			sourceTree = "<group>";
		};
		5D1E23F51BC5BDD700EBAAAD /* Mission BriefingUITests */ = {
			isa = PBXGroup;
			children = (
				5D1E23F61BC5BDD700EBAAAD /* Mission_BriefingUITests.swift */,
				5D1E23F81BC5BDD700EBAAAD /* Info.plist */,
			);
			path = "Mission BriefingUITests";
			sourceTree = "<group>";
		};
/* End PBXGroup section */

/* Begin PBXNativeTarget section */
		5D1E23D21BC5BDD700EBAAAD /* Mission Briefing */ = {
			isa = PBXNativeTarget;
			buildConfigurationList = 5D1E23FB1BC5BDD700EBAAAD /* Build configuration list for PBXNativeTarget "Mission Briefing" */;
			buildPhases = (
				5D1E23CF1BC5BDD700EBAAAD /* Sources */,
				5D1E23D01BC5BDD700EBAAAD /* Frameworks */,
				5D1E23D11BC5BDD700EBAAAD /* Resources */,
			);
			buildRules = (
			);
			dependencies = (
			);
			name = "Mission Briefing";
			productName = "Mission Briefing";
			productReference = 5D1E23D31BC5BDD700EBAAAD /* Mission Briefing.app */;
			productType = "com.apple.product-type.application";
		};
		5D1E23E61BC5BDD700EBAAAD /* Mission BriefingTests */ = {
			isa = PBXNativeTarget;
			buildConfigurationList = 5D1E23FE1BC5BDD700EBAAAD /* Build configuration list for PBXNativeTarget "Mission BriefingTests" */;
			buildPhases = (
				5D1E23E31BC5BDD700EBAAAD /* Sources */,
				5D1E23E41BC5BDD700EBAAAD /* Frameworks */,
				5D1E23E51BC5BDD700EBAAAD /* Resources */,
			);
			buildRules = (
			);
			dependencies = (
				5D1E23E91BC5BDD700EBAAAD /* PBXTargetDependency */,
			);
			name = "Mission BriefingTests";
			productName = "Mission BriefingTests";
			productReference = 5D1E23E71BC5BDD700EBAAAD /* Mission BriefingTests.xctest */;
			productType = "com.apple.product-type.bundle.unit-test";
		};
		5D1E23F11BC5BDD700EBAAAD /* Mission BriefingUITests */ = {
			isa = PBXNativeTarget;
			buildConfigurationList = 5D1E24011BC5BDD700EBAAAD /* Build configuration list for PBXNativeTarget "Mission BriefingUITests" */;
			buildPhases = (
				5D1E23EE1BC5BDD700EBAAAD /* Sources */,
				5D1E23EF1BC5BDD700EBAAAD /* Frameworks */,
				5D1E23F01BC5BDD700EBAAAD /* Resources */,
			);
			buildRules = (
			);
			dependencies = (
				5D1E23F41BC5BDD700EBAAAD /* PBXTargetDependency */,
			);
			name = "Mission BriefingUITests";
			productName = "Mission BriefingUITests";
			productReference = 5D1E23F21BC5BDD700EBAAAD /* Mission BriefingUITests.xctest */;
			productType = "com.apple.product-type.bundle.ui-testing";
		};
/* End PBXNativeTarget section */

/* Begin PBXProject section */
		5D1E23CB1BC5BDD700EBAAAD /* Project object */ = {
			isa = PBXProject;
			attributes = {
				LastUpgradeCheck = 0700;
				ORGANIZATIONNAME = theIronYard;
				TargetAttributes = {
					5D1E23D21BC5BDD700EBAAAD = {
						CreatedOnToolsVersion = 7.0.1;
					};
					5D1E23E61BC5BDD700EBAAAD = {
						CreatedOnToolsVersion = 7.0.1;
						TestTargetID = 5D1E23D21BC5BDD700EBAAAD;
					};
					5D1E23F11BC5BDD700EBAAAD = {
						CreatedOnToolsVersion = 7.0.1;
						TestTargetID = 5D1E23D21BC5BDD700EBAAAD;
					};
				};
			};
			buildConfigurationList = 5D1E23CE1BC5BDD700EBAAAD /* Build configuration list for PBXProject "Mission Briefing" */;
			compatibilityVersion = "Xcode 3.2";
			developmentRegion = English;
			hasScannedForEncodings = 0;
			knownRegions = (
				en,
				Base,
			);
			mainGroup = 5D1E23CA1BC5BDD700EBAAAD;
			productRefGroup = 5D1E23D41BC5BDD700EBAAAD /* Products */;
			projectDirPath = "";
			projectRoot = "";
			targets = (
				5D1E23D21BC5BDD700EBAAAD /* Mission Briefing */,
				5D1E23E61BC5BDD700EBAAAD /* Mission BriefingTests */,
				5D1E23F11BC5BDD700EBAAAD /* Mission BriefingUITests */,
			);
		};
/* End PBXProject section */

/* Begin PBXResourcesBuildPhase section */
		5D1E23D11BC5BDD700EBAAAD /* Resources */ = {
			isa = PBXResourcesBuildPhase;
			buildActionMask = 2147483647;
			files = (
				5D1E23E11BC5BDD700EBAAAD /* LaunchScreen.storyboard in Resources */,
				5D1E23DE1BC5BDD700EBAAAD /* Assets.xcassets in Resources */,
				5D1E23DC1BC5BDD700EBAAAD /* Main.storyboard in Resources */,
			);
			runOnlyForDeploymentPostprocessing = 0;
		};
		5D1E23E51BC5BDD700EBAAAD /* Resources */ = {
			isa = PBXResourcesBuildPhase;
			buildActionMask = 2147483647;
			files = (
			);
			runOnlyForDeploymentPostprocessing = 0;
		};
		5D1E23F01BC5BDD700EBAAAD /* Resources */ = {
			isa = PBXResourcesBuildPhase;
			buildActionMask = 2147483647;
			files = (
			);
			runOnlyForDeploymentPostprocessing = 0;
		};
/* End PBXResourcesBuildPhase section */

/* Begin PBXSourcesBuildPhase section */
		5D1E23CF1BC5BDD700EBAAAD /* Sources */ = {
			isa = PBXSourcesBuildPhase;
			buildActionMask = 2147483647;
			files = (
				5D1E23D91BC5BDD700EBAAAD /* MissionBriefingViewControler.swift in Sources */,
				5D1E23D71BC5BDD700EBAAAD /* AppDelegate.swift in Sources */,
			);
			runOnlyForDeploymentPostprocessing = 0;
		};
		5D1E23E31BC5BDD700EBAAAD /* Sources */ = {
			isa = PBXSourcesBuildPhase;
			buildActionMask = 2147483647;
			files = (
				5D1E23EC1BC5BDD700EBAAAD /* Mission_BriefingTests.swift in Sources */,
			);
			runOnlyForDeploymentPostprocessing = 0;
		};
		5D1E23EE1BC5BDD700EBAAAD /* Sources */ = {
			isa = PBXSourcesBuildPhase;
			buildActionMask = 2147483647;
			files = (
				5D1E23F71BC5BDD700EBAAAD /* Mission_BriefingUITests.swift in Sources */,
			);
			runOnlyForDeploymentPostprocessing = 0;
		};
/* End PBXSourcesBuildPhase section */

/* Begin PBXTargetDependency section */
		5D1E23E91BC5BDD700EBAAAD /* PBXTargetDependency */ = {
			isa = PBXTargetDependency;
			target = 5D1E23D21BC5BDD700EBAAAD /* Mission Briefing */;
			targetProxy = 5D1E23E81BC5BDD700EBAAAD /* PBXContainerItemProxy */;
		};
		5D1E23F41BC5BDD700EBAAAD /* PBXTargetDependency */ = {
			isa = PBXTargetDependency;
			target = 5D1E23D21BC5BDD700EBAAAD /* Mission Briefing */;
			targetProxy = 5D1E23F31BC5BDD700EBAAAD /* PBXContainerItemProxy */;
		};
/* End PBXTargetDependency section */

/* Begin PBXVariantGroup section */
		5D1E23DA1BC5BDD700EBAAAD /* Main.storyboard */ = {
			isa = PBXVariantGroup;
			children = (
				5D1E23DB1BC5BDD700EBAAAD /* Base */,
			);
			name = Main.storyboard;
			sourceTree = "<group>";
		};
		5D1E23DF1BC5BDD700EBAAAD /* LaunchScreen.storyboard */ = {
			isa = PBXVariantGroup;
			children = (
				5D1E23E01BC5BDD700EBAAAD /* Base */,
			);
			name = LaunchScreen.storyboard;
			sourceTree = "<group>";
		};
/* End PBXVariantGroup section */

/* Begin XCBuildConfiguration section */
		5D1E23F91BC5BDD700EBAAAD /* Debug */ = {
			isa = XCBuildConfiguration;
			buildSettings = {
				ALWAYS_SEARCH_USER_PATHS = NO;
				CLANG_CXX_LANGUAGE_STANDARD = "gnu++0x";
				CLANG_CXX_LIBRARY = "libc++";
				CLANG_ENABLE_MODULES = YES;
				CLANG_ENABLE_OBJC_ARC = YES;
				CLANG_WARN_BOOL_CONVERSION = YES;
				CLANG_WARN_CONSTANT_CONVERSION = YES;
				CLANG_WARN_DIRECT_OBJC_ISA_USAGE = YES_ERROR;
				CLANG_WARN_EMPTY_BODY = YES;
				CLANG_WARN_ENUM_CONVERSION = YES;
				CLANG_WARN_INT_CONVERSION = YES;
				CLANG_WARN_OBJC_ROOT_CLASS = YES_ERROR;
				CLANG_WARN_UNREACHABLE_CODE = YES;
				CLANG_WARN__DUPLICATE_METHOD_MATCH = YES;
				"CODE_SIGN_IDENTITY[sdk=iphoneos*]" = "iPhone Developer";
				COPY_PHASE_STRIP = NO;
				DEBUG_INFORMATION_FORMAT = dwarf;
				ENABLE_STRICT_OBJC_MSGSEND = YES;
				ENABLE_TESTABILITY = YES;
				GCC_C_LANGUAGE_STANDARD = gnu99;
				GCC_DYNAMIC_NO_PIC = NO;
				GCC_NO_COMMON_BLOCKS = YES;
				GCC_OPTIMIZATION_LEVEL = 0;
				GCC_PREPROCESSOR_DEFINITIONS = (
					"DEBUG=1",
					"$(inherited)",
				);
				GCC_WARN_64_TO_32_BIT_CONVERSION = YES;
				GCC_WARN_ABOUT_RETURN_TYPE = YES_ERROR;
				GCC_WARN_UNDECLARED_SELECTOR = YES;
				GCC_WARN_UNINITIALIZED_AUTOS = YES_AGGRESSIVE;
				GCC_WARN_UNUSED_FUNCTION = YES;
				GCC_WARN_UNUSED_VARIABLE = YES;
				IPHONEOS_DEPLOYMENT_TARGET = 9.0;
				MTL_ENABLE_DEBUG_INFO = YES;
				ONLY_ACTIVE_ARCH = YES;
				SDKROOT = iphoneos;
				SWIFT_OPTIMIZATION_LEVEL = "-Onone";
			};
			name = Debug;
		};
		5D1E23FA1BC5BDD700EBAAAD /* Release */ = {
			isa = XCBuildConfiguration;
			buildSettings = {
				ALWAYS_SEARCH_USER_PATHS = NO;
				CLANG_CXX_LANGUAGE_STANDARD = "gnu++0x";
				CLANG_CXX_LIBRARY = "libc++";
				CLANG_ENABLE_MODULES = YES;
				CLANG_ENABLE_OBJC_ARC = YES;
				CLANG_WARN_BOOL_CONVERSION = YES;
				CLANG_WARN_CONSTANT_CONVERSION = YES;
				CLANG_WARN_DIRECT_OBJC_ISA_USAGE = YES_ERROR;
				CLANG_WARN_EMPTY_BODY = YES;
				CLANG_WARN_ENUM_CONVERSION = YES;
				CLANG_WARN_INT_CONVERSION = YES;
				CLANG_WARN_OBJC_ROOT_CLASS = YES_ERROR;
				CLANG_WARN_UNREACHABLE_CODE = YES;
				CLANG_WARN__DUPLICATE_METHOD_MATCH = YES;
				"CODE_SIGN_IDENTITY[sdk=iphoneos*]" = "iPhone Developer";
				COPY_PHASE_STRIP = NO;
				DEBUG_INFORMATION_FORMAT = "dwarf-with-dsym";
				ENABLE_NS_ASSERTIONS = NO;
				ENABLE_STRICT_OBJC_MSGSEND = YES;
				GCC_C_LANGUAGE_STANDARD = gnu99;
				GCC_NO_COMMON_BLOCKS = YES;
				GCC_WARN_64_TO_32_BIT_CONVERSION = YES;
				GCC_WARN_ABOUT_RETURN_TYPE = YES_ERROR;
				GCC_WARN_UNDECLARED_SELECTOR = YES;
				GCC_WARN_UNINITIALIZED_AUTOS = YES_AGGRESSIVE;
				GCC_WARN_UNUSED_FUNCTION = YES;
				GCC_WARN_UNUSED_VARIABLE = YES;
				IPHONEOS_DEPLOYMENT_TARGET = 9.0;
				MTL_ENABLE_DEBUG_INFO = NO;
				SDKROOT = iphoneos;
				VALIDATE_PRODUCT = YES;
			};
			name = Release;
		};
		5D1E23FC1BC5BDD700EBAAAD /* Debug */ = {
			isa = XCBuildConfiguration;
			buildSettings = {
				ASSETCATALOG_COMPILER_APPICON_NAME = AppIcon;
				INFOPLIST_FILE = "Mission Briefing/Info.plist";
				LD_RUNPATH_SEARCH_PATHS = "$(inherited) @executable_path/Frameworks";
				PRODUCT_BUNDLE_IDENTIFIER = "com.tiy.Mission-Briefing";
				PRODUCT_NAME = "$(TARGET_NAME)";
			};
			name = Debug;
		};
		5D1E23FD1BC5BDD700EBAAAD /* Release */ = {
			isa = XCBuildConfiguration;
			buildSettings = {
				ASSETCATALOG_COMPILER_APPICON_NAME = AppIcon;
				INFOPLIST_FILE = "Mission Briefing/Info.plist";
				LD_RUNPATH_SEARCH_PATHS = "$(inherited) @executable_path/Frameworks";
				PRODUCT_BUNDLE_IDENTIFIER = "com.tiy.Mission-Briefing";
				PRODUCT_NAME = "$(TARGET_NAME)";
			};
			name = Release;
		};
		5D1E23FF1BC5BDD700EBAAAD /* Debug */ = {
			isa = XCBuildConfiguration;
			buildSettings = {
				BUNDLE_LOADER = "$(TEST_HOST)";
				INFOPLIST_FILE = "Mission BriefingTests/Info.plist";
				LD_RUNPATH_SEARCH_PATHS = "$(inherited) @executable_path/Frameworks @loader_path/Frameworks";
				PRODUCT_BUNDLE_IDENTIFIER = "com.tiy.Mission-BriefingTests";
				PRODUCT_NAME = "$(TARGET_NAME)";
				TEST_HOST = "$(BUILT_PRODUCTS_DIR)/Mission Briefing.app/Mission Briefing";
			};
			name = Debug;
		};
		5D1E24001BC5BDD700EBAAAD /* Release */ = {
			isa = XCBuildConfiguration;
			buildSettings = {
				BUNDLE_LOADER = "$(TEST_HOST)";
				INFOPLIST_FILE = "Mission BriefingTests/Info.plist";
				LD_RUNPATH_SEARCH_PATHS = "$(inherited) @executable_path/Frameworks @loader_path/Frameworks";
				PRODUCT_BUNDLE_IDENTIFIER = "com.tiy.Mission-BriefingTests";
				PRODUCT_NAME = "$(TARGET_NAME)";
				TEST_HOST = "$(BUILT_PRODUCTS_DIR)/Mission Briefing.app/Mission Briefing";
			};
			name = Release;
		};
		5D1E24021BC5BDD700EBAAAD /* Debug */ = {
			isa = XCBuildConfiguration;
			buildSettings = {
				INFOPLIST_FILE = "Mission BriefingUITests/Info.plist";
				LD_RUNPATH_SEARCH_PATHS = "$(inherited) @executable_path/Frameworks @loader_path/Frameworks";
				PRODUCT_BUNDLE_IDENTIFIER = "com.tiy.Mission-BriefingUITests";
				PRODUCT_NAME = "$(TARGET_NAME)";
				TEST_TARGET_NAME = "Mission Briefing";
				USES_XCTRUNNER = YES;
			};
			name = Debug;
		};
		5D1E24031BC5BDD700EBAAAD /* Release */ = {
			isa = XCBuildConfiguration;
			buildSettings = {
				INFOPLIST_FILE = "Mission BriefingUITests/Info.plist";
				LD_RUNPATH_SEARCH_PATHS = "$(inherited) @executable_path/Frameworks @loader_path/Frameworks";
				PRODUCT_BUNDLE_IDENTIFIER = "com.tiy.Mission-BriefingUITests";
				PRODUCT_NAME = "$(TARGET_NAME)";
				TEST_TARGET_NAME = "Mission Briefing";
				USES_XCTRUNNER = YES;
			};
			name = Release;
		};
/* End XCBuildConfiguration section */

/* Begin XCConfigurationList section */
		5D1E23CE1BC5BDD700EBAAAD /* Build configuration list for PBXProject "Mission Briefing" */ = {
			isa = XCConfigurationList;
			buildConfigurations = (
				5D1E23F91BC5BDD700EBAAAD /* Debug */,
				5D1E23FA1BC5BDD700EBAAAD /* Release */,
			);
			defaultConfigurationIsVisible = 0;
			defaultConfigurationName = Release;
		};
		5D1E23FB1BC5BDD700EBAAAD /* Build configuration list for PBXNativeTarget "Mission Briefing" */ = {
			isa = XCConfigurationList;
			buildConfigurations = (
				5D1E23FC1BC5BDD700EBAAAD /* Debug */,
				5D1E23FD1BC5BDD700EBAAAD /* Release */,
			);
			defaultConfigurationIsVisible = 0;
		};
		5D1E23FE1BC5BDD700EBAAAD /* Build configuration list for PBXNativeTarget "Mission BriefingTests" */ = {
			isa = XCConfigurationList;
			buildConfigurations = (
				5D1E23FF1BC5BDD700EBAAAD /* Debug */,
				5D1E24001BC5BDD700EBAAAD /* Release */,
			);
			defaultConfigurationIsVisible = 0;
		};
		5D1E24011BC5BDD700EBAAAD /* Build configuration list for PBXNativeTarget "Mission BriefingUITests" */ = {
			isa = XCConfigurationList;
			buildConfigurations = (
				5D1E24021BC5BDD700EBAAAD /* Debug */,
				5D1E24031BC5BDD700EBAAAD /* Release */,
			);
			defaultConfigurationIsVisible = 0;
		};
/* End XCConfigurationList section */
	};
	rootObject = 5D1E23CB1BC5BDD700EBAAAD /* Project object */;
}
